
Microsoft Visual Studio Solution File, Format Version 12.00
# Visual Studio Version 17
VisualStudioVersion = 17.9.34622.214
MinimumVisualStudioVersion = 10.0.40219.1
Project("{778DAE3C-4631-46EA-AA77-85C1314464D9}") = "LaTex", "LaTex\LaTex.vbproj", "{29528F4F-98CF-4BCA-8131-B8C03DA9FE58}"
EndProject
Project("{778DAE3C-4631-46EA-AA77-85C1314464D9}") = "Core", "..\..\..\..\runtime\sciBASIC#\Microsoft.VisualBasic.Core\src\Core.vbproj", "{197DB2E7-D865-4761-8D50-52CFE6096C1A}"
EndProject
Project("{778DAE3C-4631-46EA-AA77-85C1314464D9}") = "html_netcore5", "..\..\..\..\runtime\sciBASIC#\mime\text%html\html_netcore5.vbproj", "{622D07AA-594D-42AD-BBD1-09F3C2A89E42}"
EndProject
Project("{778DAE3C-4631-46EA-AA77-85C1314464D9}") = "markdown.NET5", "..\..\..\..\runtime\sciBASIC#\mime\text%markdown\markdown.NET5.vbproj", "{3A542ADB-47AC-46C6-920D-70B69F275521}"
EndProject
Project("{2150E333-8FDC-42A3-9474-1A3956D46DE8}") = "framework", "framework", "{4441D1F4-4435-4D53-800F-71C0A255A9AB}"
EndProject
Project("{F184B08F-C81C-45F6-A57F-5ABD9991F28F}") = "test", "LaTex\test\test.vbproj", "{91BC41DC-BA0C-421E-97C0-F838E7302035}"
EndProject
Global
	GlobalSection(SolutionConfigurationPlatforms) = preSolution
		CFD_win32|Any CPU = CFD_win32|Any CPU
		CFD_win32|x64 = CFD_win32|x64
		CFD_win32|x86 = CFD_win32|x86
		Debug|Any CPU = Debug|Any CPU
		Debug|x64 = Debug|x64
		Debug|x86 = Debug|x86
		Docker|Any CPU = Docker|Any CPU
		Docker|x64 = Docker|x64
		Docker|x86 = Docker|x86
		gcmodeller_desktop|Any CPU = gcmodeller_desktop|Any CPU
		gcmodeller_desktop|x64 = gcmodeller_desktop|x64
		gcmodeller_desktop|x86 = gcmodeller_desktop|x86
		LipidSearch|Any CPU = LipidSearch|Any CPU
		LipidSearch|x64 = LipidSearch|x64
		LipidSearch|x86 = LipidSearch|x86
		mzkit_win32|Any CPU = mzkit_win32|Any CPU
		mzkit_win32|x64 = mzkit_win32|x64
		mzkit_win32|x86 = mzkit_win32|x86
		mzkit|Any CPU = mzkit|Any CPU
		mzkit|x64 = mzkit|x64
		mzkit|x86 = mzkit|x86
		NPSearch|Any CPU = NPSearch|Any CPU
		NPSearch|x64 = NPSearch|x64
		NPSearch|x86 = NPSearch|x86
		nuget_release|Any CPU = nuget_release|Any CPU
		nuget_release|x64 = nuget_release|x64
		nuget_release|x86 = nuget_release|x86
		PlantMAT|Any CPU = PlantMAT|Any CPU
		PlantMAT|x64 = PlantMAT|x64
		PlantMAT|x86 = PlantMAT|x86
		Release|Any CPU = Release|Any CPU
		Release|x64 = Release|x64
		Release|x86 = Release|x86
		Rsharp_app_release|Any CPU = Rsharp_app_release|Any CPU
		Rsharp_app_release|x64 = Rsharp_app_release|x64
		Rsharp_app_release|x86 = Rsharp_app_release|x86
	EndGlobalSection
	GlobalSection(ProjectConfigurationPlatforms) = postSolution
		{29528F4F-98CF-4BCA-8131-B8C03DA9FE58}.CFD_win32|Any CPU.ActiveCfg = Debug|Any CPU
		{29528F4F-98CF-4BCA-8131-B8C03DA9FE58}.CFD_win32|Any CPU.Build.0 = Debug|Any CPU
		{29528F4F-98CF-4BCA-8131-B8C03DA9FE58}.CFD_win32|x64.ActiveCfg = Debug|Any CPU
		{29528F4F-98CF-4BCA-8131-B8C03DA9FE58}.CFD_win32|x64.Build.0 = Debug|Any CPU
		{29528F4F-98CF-4BCA-8131-B8C03DA9FE58}.CFD_win32|x86.ActiveCfg = Debug|Any CPU
		{29528F4F-98CF-4BCA-8131-B8C03DA9FE58}.CFD_win32|x86.Build.0 = Debug|Any CPU
		{29528F4F-98CF-4BCA-8131-B8C03DA9FE58}.Debug|Any CPU.ActiveCfg = Debug|Any CPU
		{29528F4F-98CF-4BCA-8131-B8C03DA9FE58}.Debug|Any CPU.Build.0 = Debug|Any CPU
		{29528F4F-98CF-4BCA-8131-B8C03DA9FE58}.Debug|x64.ActiveCfg = Debug|x64
		{29528F4F-98CF-4BCA-8131-B8C03DA9FE58}.Debug|x64.Build.0 = Debug|x64
		{29528F4F-98CF-4BCA-8131-B8C03DA9FE58}.Debug|x86.ActiveCfg = Debug|Any CPU
		{29528F4F-98CF-4BCA-8131-B8C03DA9FE58}.Debug|x86.Build.0 = Debug|Any CPU
		{29528F4F-98CF-4BCA-8131-B8C03DA9FE58}.Docker|Any CPU.ActiveCfg = Debug|Any CPU
		{29528F4F-98CF-4BCA-8131-B8C03DA9FE58}.Docker|Any CPU.Build.0 = Debug|Any CPU
		{29528F4F-98CF-4BCA-8131-B8C03DA9FE58}.Docker|x64.ActiveCfg = Debug|Any CPU
		{29528F4F-98CF-4BCA-8131-B8C03DA9FE58}.Docker|x64.Build.0 = Debug|Any CPU
		{29528F4F-98CF-4BCA-8131-B8C03DA9FE58}.Docker|x86.ActiveCfg = Debug|Any CPU
		{29528F4F-98CF-4BCA-8131-B8C03DA9FE58}.Docker|x86.Build.0 = Debug|Any CPU
		{29528F4F-98CF-4BCA-8131-B8C03DA9FE58}.gcmodeller_desktop|Any CPU.ActiveCfg = Debug|Any CPU
		{29528F4F-98CF-4BCA-8131-B8C03DA9FE58}.gcmodeller_desktop|Any CPU.Build.0 = Debug|Any CPU
		{29528F4F-98CF-4BCA-8131-B8C03DA9FE58}.gcmodeller_desktop|x64.ActiveCfg = Debug|Any CPU
		{29528F4F-98CF-4BCA-8131-B8C03DA9FE58}.gcmodeller_desktop|x64.Build.0 = Debug|Any CPU
		{29528F4F-98CF-4BCA-8131-B8C03DA9FE58}.gcmodeller_desktop|x86.ActiveCfg = Debug|Any CPU
		{29528F4F-98CF-4BCA-8131-B8C03DA9FE58}.gcmodeller_desktop|x86.Build.0 = Debug|Any CPU
		{29528F4F-98CF-4BCA-8131-B8C03DA9FE58}.LipidSearch|Any CPU.ActiveCfg = Debug|Any CPU
		{29528F4F-98CF-4BCA-8131-B8C03DA9FE58}.LipidSearch|Any CPU.Build.0 = Debug|Any CPU
		{29528F4F-98CF-4BCA-8131-B8C03DA9FE58}.LipidSearch|x64.ActiveCfg = Debug|Any CPU
		{29528F4F-98CF-4BCA-8131-B8C03DA9FE58}.LipidSearch|x64.Build.0 = Debug|Any CPU
		{29528F4F-98CF-4BCA-8131-B8C03DA9FE58}.LipidSearch|x86.ActiveCfg = Debug|Any CPU
		{29528F4F-98CF-4BCA-8131-B8C03DA9FE58}.LipidSearch|x86.Build.0 = Debug|Any CPU
		{29528F4F-98CF-4BCA-8131-B8C03DA9FE58}.mzkit_win32|Any CPU.ActiveCfg = Debug|Any CPU
		{29528F4F-98CF-4BCA-8131-B8C03DA9FE58}.mzkit_win32|Any CPU.Build.0 = Debug|Any CPU
		{29528F4F-98CF-4BCA-8131-B8C03DA9FE58}.mzkit_win32|x64.ActiveCfg = Debug|Any CPU
		{29528F4F-98CF-4BCA-8131-B8C03DA9FE58}.mzkit_win32|x64.Build.0 = Debug|Any CPU
		{29528F4F-98CF-4BCA-8131-B8C03DA9FE58}.mzkit_win32|x86.ActiveCfg = Debug|Any CPU
		{29528F4F-98CF-4BCA-8131-B8C03DA9FE58}.mzkit_win32|x86.Build.0 = Debug|Any CPU
		{29528F4F-98CF-4BCA-8131-B8C03DA9FE58}.mzkit|Any CPU.ActiveCfg = Debug|Any CPU
		{29528F4F-98CF-4BCA-8131-B8C03DA9FE58}.mzkit|Any CPU.Build.0 = Debug|Any CPU
		{29528F4F-98CF-4BCA-8131-B8C03DA9FE58}.mzkit|x64.ActiveCfg = Debug|Any CPU
		{29528F4F-98CF-4BCA-8131-B8C03DA9FE58}.mzkit|x64.Build.0 = Debug|Any CPU
		{29528F4F-98CF-4BCA-8131-B8C03DA9FE58}.mzkit|x86.ActiveCfg = Debug|Any CPU
		{29528F4F-98CF-4BCA-8131-B8C03DA9FE58}.mzkit|x86.Build.0 = Debug|Any CPU
		{29528F4F-98CF-4BCA-8131-B8C03DA9FE58}.NPSearch|Any CPU.ActiveCfg = Debug|Any CPU
		{29528F4F-98CF-4BCA-8131-B8C03DA9FE58}.NPSearch|Any CPU.Build.0 = Debug|Any CPU
		{29528F4F-98CF-4BCA-8131-B8C03DA9FE58}.NPSearch|x64.ActiveCfg = Debug|Any CPU
		{29528F4F-98CF-4BCA-8131-B8C03DA9FE58}.NPSearch|x64.Build.0 = Debug|Any CPU
		{29528F4F-98CF-4BCA-8131-B8C03DA9FE58}.NPSearch|x86.ActiveCfg = Debug|Any CPU
		{29528F4F-98CF-4BCA-8131-B8C03DA9FE58}.NPSearch|x86.Build.0 = Debug|Any CPU
		{29528F4F-98CF-4BCA-8131-B8C03DA9FE58}.nuget_release|Any CPU.ActiveCfg = Debug|Any CPU
		{29528F4F-98CF-4BCA-8131-B8C03DA9FE58}.nuget_release|Any CPU.Build.0 = Debug|Any CPU
		{29528F4F-98CF-4BCA-8131-B8C03DA9FE58}.nuget_release|x64.ActiveCfg = Debug|Any CPU
		{29528F4F-98CF-4BCA-8131-B8C03DA9FE58}.nuget_release|x64.Build.0 = Debug|Any CPU
		{29528F4F-98CF-4BCA-8131-B8C03DA9FE58}.nuget_release|x86.ActiveCfg = Debug|Any CPU
		{29528F4F-98CF-4BCA-8131-B8C03DA9FE58}.nuget_release|x86.Build.0 = Debug|Any CPU
		{29528F4F-98CF-4BCA-8131-B8C03DA9FE58}.PlantMAT|Any CPU.ActiveCfg = Debug|Any CPU
		{29528F4F-98CF-4BCA-8131-B8C03DA9FE58}.PlantMAT|Any CPU.Build.0 = Debug|Any CPU
		{29528F4F-98CF-4BCA-8131-B8C03DA9FE58}.PlantMAT|x64.ActiveCfg = Debug|Any CPU
		{29528F4F-98CF-4BCA-8131-B8C03DA9FE58}.PlantMAT|x64.Build.0 = Debug|Any CPU
		{29528F4F-98CF-4BCA-8131-B8C03DA9FE58}.PlantMAT|x86.ActiveCfg = Debug|Any CPU
		{29528F4F-98CF-4BCA-8131-B8C03DA9FE58}.PlantMAT|x86.Build.0 = Debug|Any CPU
		{29528F4F-98CF-4BCA-8131-B8C03DA9FE58}.Release|Any CPU.ActiveCfg = Release|Any CPU
		{29528F4F-98CF-4BCA-8131-B8C03DA9FE58}.Release|Any CPU.Build.0 = Release|Any CPU
		{29528F4F-98CF-4BCA-8131-B8C03DA9FE58}.Release|x64.ActiveCfg = Release|Any CPU
		{29528F4F-98CF-4BCA-8131-B8C03DA9FE58}.Release|x64.Build.0 = Release|Any CPU
		{29528F4F-98CF-4BCA-8131-B8C03DA9FE58}.Release|x86.ActiveCfg = Release|Any CPU
		{29528F4F-98CF-4BCA-8131-B8C03DA9FE58}.Release|x86.Build.0 = Release|Any CPU
		{29528F4F-98CF-4BCA-8131-B8C03DA9FE58}.Rsharp_app_release|Any CPU.ActiveCfg = Release|Any CPU
		{29528F4F-98CF-4BCA-8131-B8C03DA9FE58}.Rsharp_app_release|Any CPU.Build.0 = Release|Any CPU
		{29528F4F-98CF-4BCA-8131-B8C03DA9FE58}.Rsharp_app_release|x64.ActiveCfg = Release|Any CPU
		{29528F4F-98CF-4BCA-8131-B8C03DA9FE58}.Rsharp_app_release|x64.Build.0 = Release|Any CPU
		{29528F4F-98CF-4BCA-8131-B8C03DA9FE58}.Rsharp_app_release|x86.ActiveCfg = Release|Any CPU
		{29528F4F-98CF-4BCA-8131-B8C03DA9FE58}.Rsharp_app_release|x86.Build.0 = Release|Any CPU
		{197DB2E7-D865-4761-8D50-52CFE6096C1A}.CFD_win32|Any CPU.ActiveCfg = CFD_win32|Any CPU
		{197DB2E7-D865-4761-8D50-52CFE6096C1A}.CFD_win32|Any CPU.Build.0 = CFD_win32|Any CPU
		{197DB2E7-D865-4761-8D50-52CFE6096C1A}.CFD_win32|x64.ActiveCfg = CFD_win32|x64
		{197DB2E7-D865-4761-8D50-52CFE6096C1A}.CFD_win32|x64.Build.0 = CFD_win32|x64
		{197DB2E7-D865-4761-8D50-52CFE6096C1A}.CFD_win32|x86.ActiveCfg = CFD_win32|x86
		{197DB2E7-D865-4761-8D50-52CFE6096C1A}.CFD_win32|x86.Build.0 = CFD_win32|x86
		{197DB2E7-D865-4761-8D50-52CFE6096C1A}.Debug|Any CPU.ActiveCfg = Debug|Any CPU
		{197DB2E7-D865-4761-8D50-52CFE6096C1A}.Debug|Any CPU.Build.0 = Debug|Any CPU
		{197DB2E7-D865-4761-8D50-52CFE6096C1A}.Debug|x64.ActiveCfg = Debug|x64
		{197DB2E7-D865-4761-8D50-52CFE6096C1A}.Debug|x64.Build.0 = Debug|x64
		{197DB2E7-D865-4761-8D50-52CFE6096C1A}.Debug|x86.ActiveCfg = Debug|x86
		{197DB2E7-D865-4761-8D50-52CFE6096C1A}.Debug|x86.Build.0 = Debug|x86
		{197DB2E7-D865-4761-8D50-52CFE6096C1A}.Docker|Any CPU.ActiveCfg = Docker|Any CPU
		{197DB2E7-D865-4761-8D50-52CFE6096C1A}.Docker|Any CPU.Build.0 = Docker|Any CPU
		{197DB2E7-D865-4761-8D50-52CFE6096C1A}.Docker|x64.ActiveCfg = Docker|x64
		{197DB2E7-D865-4761-8D50-52CFE6096C1A}.Docker|x64.Build.0 = Docker|x64
		{197DB2E7-D865-4761-8D50-52CFE6096C1A}.Docker|x86.ActiveCfg = Docker|x86
		{197DB2E7-D865-4761-8D50-52CFE6096C1A}.Docker|x86.Build.0 = Docker|x86
		{197DB2E7-D865-4761-8D50-52CFE6096C1A}.gcmodeller_desktop|Any CPU.ActiveCfg = gcmodeller_desktop|Any CPU
		{197DB2E7-D865-4761-8D50-52CFE6096C1A}.gcmodeller_desktop|Any CPU.Build.0 = gcmodeller_desktop|Any CPU
		{197DB2E7-D865-4761-8D50-52CFE6096C1A}.gcmodeller_desktop|x64.ActiveCfg = gcmodeller_desktop|x64
		{197DB2E7-D865-4761-8D50-52CFE6096C1A}.gcmodeller_desktop|x64.Build.0 = gcmodeller_desktop|x64
		{197DB2E7-D865-4761-8D50-52CFE6096C1A}.gcmodeller_desktop|x86.ActiveCfg = gcmodeller_desktop|x86
		{197DB2E7-D865-4761-8D50-52CFE6096C1A}.gcmodeller_desktop|x86.Build.0 = gcmodeller_desktop|x86
		{197DB2E7-D865-4761-8D50-52CFE6096C1A}.LipidSearch|Any CPU.ActiveCfg = LipidSearch|Any CPU
		{197DB2E7-D865-4761-8D50-52CFE6096C1A}.LipidSearch|Any CPU.Build.0 = LipidSearch|Any CPU
		{197DB2E7-D865-4761-8D50-52CFE6096C1A}.LipidSearch|x64.ActiveCfg = LipidSearch|x64
		{197DB2E7-D865-4761-8D50-52CFE6096C1A}.LipidSearch|x64.Build.0 = LipidSearch|x64
		{197DB2E7-D865-4761-8D50-52CFE6096C1A}.LipidSearch|x86.ActiveCfg = LipidSearch|x86
		{197DB2E7-D865-4761-8D50-52CFE6096C1A}.LipidSearch|x86.Build.0 = LipidSearch|x86
		{197DB2E7-D865-4761-8D50-52CFE6096C1A}.mzkit_win32|Any CPU.ActiveCfg = mzkit_win32|Any CPU
		{197DB2E7-D865-4761-8D50-52CFE6096C1A}.mzkit_win32|Any CPU.Build.0 = mzkit_win32|Any CPU
		{197DB2E7-D865-4761-8D50-52CFE6096C1A}.mzkit_win32|x64.ActiveCfg = mzkit_win32|x64
		{197DB2E7-D865-4761-8D50-52CFE6096C1A}.mzkit_win32|x64.Build.0 = mzkit_win32|x64
		{197DB2E7-D865-4761-8D50-52CFE6096C1A}.mzkit_win32|x86.ActiveCfg = mzkit_win32|x86
		{197DB2E7-D865-4761-8D50-52CFE6096C1A}.mzkit_win32|x86.Build.0 = mzkit_win32|x86
		{197DB2E7-D865-4761-8D50-52CFE6096C1A}.mzkit|Any CPU.ActiveCfg = mzkit|Any CPU
		{197DB2E7-D865-4761-8D50-52CFE6096C1A}.mzkit|Any CPU.Build.0 = mzkit|Any CPU
		{197DB2E7-D865-4761-8D50-52CFE6096C1A}.mzkit|x64.ActiveCfg = mzkit|x64
		{197DB2E7-D865-4761-8D50-52CFE6096C1A}.mzkit|x64.Build.0 = mzkit|x64
		{197DB2E7-D865-4761-8D50-52CFE6096C1A}.mzkit|x86.ActiveCfg = mzkit|x86
		{197DB2E7-D865-4761-8D50-52CFE6096C1A}.mzkit|x86.Build.0 = mzkit|x86
		{197DB2E7-D865-4761-8D50-52CFE6096C1A}.NPSearch|Any CPU.ActiveCfg = NPSearch|Any CPU
		{197DB2E7-D865-4761-8D50-52CFE6096C1A}.NPSearch|Any CPU.Build.0 = NPSearch|Any CPU
		{197DB2E7-D865-4761-8D50-52CFE6096C1A}.NPSearch|x64.ActiveCfg = NPSearch|x64
		{197DB2E7-D865-4761-8D50-52CFE6096C1A}.NPSearch|x64.Build.0 = NPSearch|x64
		{197DB2E7-D865-4761-8D50-52CFE6096C1A}.NPSearch|x86.ActiveCfg = NPSearch|x86
		{197DB2E7-D865-4761-8D50-52CFE6096C1A}.NPSearch|x86.Build.0 = NPSearch|x86
		{197DB2E7-D865-4761-8D50-52CFE6096C1A}.nuget_release|Any CPU.ActiveCfg = nuget_release|Any CPU
		{197DB2E7-D865-4761-8D50-52CFE6096C1A}.nuget_release|Any CPU.Build.0 = nuget_release|Any CPU
		{197DB2E7-D865-4761-8D50-52CFE6096C1A}.nuget_release|x64.ActiveCfg = nuget_release|x64
		{197DB2E7-D865-4761-8D50-52CFE6096C1A}.nuget_release|x64.Build.0 = nuget_release|x64
		{197DB2E7-D865-4761-8D50-52CFE6096C1A}.nuget_release|x86.ActiveCfg = nuget_release|x86
		{197DB2E7-D865-4761-8D50-52CFE6096C1A}.nuget_release|x86.Build.0 = nuget_release|x86
		{197DB2E7-D865-4761-8D50-52CFE6096C1A}.PlantMAT|Any CPU.ActiveCfg = PlantMAT|Any CPU
		{197DB2E7-D865-4761-8D50-52CFE6096C1A}.PlantMAT|Any CPU.Build.0 = PlantMAT|Any CPU
		{197DB2E7-D865-4761-8D50-52CFE6096C1A}.PlantMAT|x64.ActiveCfg = PlantMAT|x64
		{197DB2E7-D865-4761-8D50-52CFE6096C1A}.PlantMAT|x64.Build.0 = PlantMAT|x64
		{197DB2E7-D865-4761-8D50-52CFE6096C1A}.PlantMAT|x86.ActiveCfg = PlantMAT|x86
		{197DB2E7-D865-4761-8D50-52CFE6096C1A}.PlantMAT|x86.Build.0 = PlantMAT|x86
		{197DB2E7-D865-4761-8D50-52CFE6096C1A}.Release|Any CPU.ActiveCfg = Release|Any CPU
		{197DB2E7-D865-4761-8D50-52CFE6096C1A}.Release|Any CPU.Build.0 = Release|Any CPU
		{197DB2E7-D865-4761-8D50-52CFE6096C1A}.Release|x64.ActiveCfg = Release|x64
		{197DB2E7-D865-4761-8D50-52CFE6096C1A}.Release|x64.Build.0 = Release|x64
		{197DB2E7-D865-4761-8D50-52CFE6096C1A}.Release|x86.ActiveCfg = Release|x86
		{197DB2E7-D865-4761-8D50-52CFE6096C1A}.Release|x86.Build.0 = Release|x86
		{197DB2E7-D865-4761-8D50-52CFE6096C1A}.Rsharp_app_release|Any CPU.ActiveCfg = Rsharp_app_release|Any CPU
		{197DB2E7-D865-4761-8D50-52CFE6096C1A}.Rsharp_app_release|Any CPU.Build.0 = Rsharp_app_release|Any CPU
		{197DB2E7-D865-4761-8D50-52CFE6096C1A}.Rsharp_app_release|x64.ActiveCfg = Rsharp_app_release|x64
		{197DB2E7-D865-4761-8D50-52CFE6096C1A}.Rsharp_app_release|x64.Build.0 = Rsharp_app_release|x64
		{197DB2E7-D865-4761-8D50-52CFE6096C1A}.Rsharp_app_release|x86.ActiveCfg = Rsharp_app_release|x86
		{197DB2E7-D865-4761-8D50-52CFE6096C1A}.Rsharp_app_release|x86.Build.0 = Rsharp_app_release|x86
		{622D07AA-594D-42AD-BBD1-09F3C2A89E42}.CFD_win32|Any CPU.ActiveCfg = CFD_win32|Any CPU
		{622D07AA-594D-42AD-BBD1-09F3C2A89E42}.CFD_win32|Any CPU.Build.0 = CFD_win32|Any CPU
		{622D07AA-594D-42AD-BBD1-09F3C2A89E42}.CFD_win32|x64.ActiveCfg = CFD_win32|x64
		{622D07AA-594D-42AD-BBD1-09F3C2A89E42}.CFD_win32|x64.Build.0 = CFD_win32|x64
		{622D07AA-594D-42AD-BBD1-09F3C2A89E42}.CFD_win32|x86.ActiveCfg = CFD_win32|Any CPU
		{622D07AA-594D-42AD-BBD1-09F3C2A89E42}.CFD_win32|x86.Build.0 = CFD_win32|Any CPU
		{622D07AA-594D-42AD-BBD1-09F3C2A89E42}.Debug|Any CPU.ActiveCfg = Debug|Any CPU
		{622D07AA-594D-42AD-BBD1-09F3C2A89E42}.Debug|Any CPU.Build.0 = Debug|Any CPU
		{622D07AA-594D-42AD-BBD1-09F3C2A89E42}.Debug|x64.ActiveCfg = Debug|x64
		{622D07AA-594D-42AD-BBD1-09F3C2A89E42}.Debug|x64.Build.0 = Debug|x64
		{622D07AA-594D-42AD-BBD1-09F3C2A89E42}.Debug|x86.ActiveCfg = Debug|Any CPU
		{622D07AA-594D-42AD-BBD1-09F3C2A89E42}.Debug|x86.Build.0 = Debug|Any CPU
		{622D07AA-594D-42AD-BBD1-09F3C2A89E42}.Docker|Any CPU.ActiveCfg = Debug|Any CPU
		{622D07AA-594D-42AD-BBD1-09F3C2A89E42}.Docker|Any CPU.Build.0 = Debug|Any CPU
		{622D07AA-594D-42AD-BBD1-09F3C2A89E42}.Docker|x64.ActiveCfg = Debug|x64
		{622D07AA-594D-42AD-BBD1-09F3C2A89E42}.Docker|x64.Build.0 = Debug|x64
		{622D07AA-594D-42AD-BBD1-09F3C2A89E42}.Docker|x86.ActiveCfg = Debug|Any CPU
		{622D07AA-594D-42AD-BBD1-09F3C2A89E42}.Docker|x86.Build.0 = Debug|Any CPU
		{622D07AA-594D-42AD-BBD1-09F3C2A89E42}.gcmodeller_desktop|Any CPU.ActiveCfg = gcmodeller_desktop|Any CPU
		{622D07AA-594D-42AD-BBD1-09F3C2A89E42}.gcmodeller_desktop|Any CPU.Build.0 = gcmodeller_desktop|Any CPU
		{622D07AA-594D-42AD-BBD1-09F3C2A89E42}.gcmodeller_desktop|x64.ActiveCfg = gcmodeller_desktop|x64
		{622D07AA-594D-42AD-BBD1-09F3C2A89E42}.gcmodeller_desktop|x64.Build.0 = gcmodeller_desktop|x64
		{622D07AA-594D-42AD-BBD1-09F3C2A89E42}.gcmodeller_desktop|x86.ActiveCfg = gcmodeller_desktop|Any CPU
		{622D07AA-594D-42AD-BBD1-09F3C2A89E42}.gcmodeller_desktop|x86.Build.0 = gcmodeller_desktop|Any CPU
		{622D07AA-594D-42AD-BBD1-09F3C2A89E42}.LipidSearch|Any CPU.ActiveCfg = LipidSearch|Any CPU
		{622D07AA-594D-42AD-BBD1-09F3C2A89E42}.LipidSearch|Any CPU.Build.0 = LipidSearch|Any CPU
		{622D07AA-594D-42AD-BBD1-09F3C2A89E42}.LipidSearch|x64.ActiveCfg = LipidSearch|x64
		{622D07AA-594D-42AD-BBD1-09F3C2A89E42}.LipidSearch|x64.Build.0 = LipidSearch|x64
		{622D07AA-594D-42AD-BBD1-09F3C2A89E42}.LipidSearch|x86.ActiveCfg = LipidSearch|Any CPU
		{622D07AA-594D-42AD-BBD1-09F3C2A89E42}.LipidSearch|x86.Build.0 = LipidSearch|Any CPU
		{622D07AA-594D-42AD-BBD1-09F3C2A89E42}.mzkit_win32|Any CPU.ActiveCfg = mzkit_win32|Any CPU
		{622D07AA-594D-42AD-BBD1-09F3C2A89E42}.mzkit_win32|Any CPU.Build.0 = mzkit_win32|Any CPU
		{622D07AA-594D-42AD-BBD1-09F3C2A89E42}.mzkit_win32|x64.ActiveCfg = mzkit_win32|x64
		{622D07AA-594D-42AD-BBD1-09F3C2A89E42}.mzkit_win32|x64.Build.0 = mzkit_win32|x64
		{622D07AA-594D-42AD-BBD1-09F3C2A89E42}.mzkit_win32|x86.ActiveCfg = mzkit_win32|Any CPU
		{622D07AA-594D-42AD-BBD1-09F3C2A89E42}.mzkit_win32|x86.Build.0 = mzkit_win32|Any CPU
		{622D07AA-594D-42AD-BBD1-09F3C2A89E42}.mzkit|Any CPU.ActiveCfg = mzkit|Any CPU
		{622D07AA-594D-42AD-BBD1-09F3C2A89E42}.mzkit|Any CPU.Build.0 = mzkit|Any CPU
		{622D07AA-594D-42AD-BBD1-09F3C2A89E42}.mzkit|x64.ActiveCfg = mzkit|x64
		{622D07AA-594D-42AD-BBD1-09F3C2A89E42}.mzkit|x64.Build.0 = mzkit|x64
		{622D07AA-594D-42AD-BBD1-09F3C2A89E42}.mzkit|x86.ActiveCfg = mzkit|Any CPU
		{622D07AA-594D-42AD-BBD1-09F3C2A89E42}.mzkit|x86.Build.0 = mzkit|Any CPU
		{622D07AA-594D-42AD-BBD1-09F3C2A89E42}.NPSearch|Any CPU.ActiveCfg = NPSearch|Any CPU
		{622D07AA-594D-42AD-BBD1-09F3C2A89E42}.NPSearch|Any CPU.Build.0 = NPSearch|Any CPU
		{622D07AA-594D-42AD-BBD1-09F3C2A89E42}.NPSearch|x64.ActiveCfg = NPSearch|x64
		{622D07AA-594D-42AD-BBD1-09F3C2A89E42}.NPSearch|x64.Build.0 = NPSearch|x64
		{622D07AA-594D-42AD-BBD1-09F3C2A89E42}.NPSearch|x86.ActiveCfg = NPSearch|Any CPU
		{622D07AA-594D-42AD-BBD1-09F3C2A89E42}.NPSearch|x86.Build.0 = NPSearch|Any CPU
		{622D07AA-594D-42AD-BBD1-09F3C2A89E42}.nuget_release|Any CPU.ActiveCfg = nuget_release|Any CPU
		{622D07AA-594D-42AD-BBD1-09F3C2A89E42}.nuget_release|Any CPU.Build.0 = nuget_release|Any CPU
		{622D07AA-594D-42AD-BBD1-09F3C2A89E42}.nuget_release|x64.ActiveCfg = nuget_release|x64
		{622D07AA-594D-42AD-BBD1-09F3C2A89E42}.nuget_release|x64.Build.0 = nuget_release|x64
		{622D07AA-594D-42AD-BBD1-09F3C2A89E42}.nuget_release|x86.ActiveCfg = nuget_release|Any CPU
		{622D07AA-594D-42AD-BBD1-09F3C2A89E42}.nuget_release|x86.Build.0 = nuget_release|Any CPU
		{622D07AA-594D-42AD-BBD1-09F3C2A89E42}.PlantMAT|Any CPU.ActiveCfg = Debug|Any CPU
		{622D07AA-594D-42AD-BBD1-09F3C2A89E42}.PlantMAT|Any CPU.Build.0 = Debug|Any CPU
		{622D07AA-594D-42AD-BBD1-09F3C2A89E42}.PlantMAT|x64.ActiveCfg = Debug|x64
		{622D07AA-594D-42AD-BBD1-09F3C2A89E42}.PlantMAT|x64.Build.0 = Debug|x64
		{622D07AA-594D-42AD-BBD1-09F3C2A89E42}.PlantMAT|x86.ActiveCfg = Debug|Any CPU
		{622D07AA-594D-42AD-BBD1-09F3C2A89E42}.PlantMAT|x86.Build.0 = Debug|Any CPU
		{622D07AA-594D-42AD-BBD1-09F3C2A89E42}.Release|Any CPU.ActiveCfg = Release|Any CPU
		{622D07AA-594D-42AD-BBD1-09F3C2A89E42}.Release|Any CPU.Build.0 = Release|Any CPU
		{622D07AA-594D-42AD-BBD1-09F3C2A89E42}.Release|x64.ActiveCfg = Release|x64
		{622D07AA-594D-42AD-BBD1-09F3C2A89E42}.Release|x64.Build.0 = Release|x64
		{622D07AA-594D-42AD-BBD1-09F3C2A89E42}.Release|x86.ActiveCfg = Release|Any CPU
		{622D07AA-594D-42AD-BBD1-09F3C2A89E42}.Release|x86.Build.0 = Release|Any CPU
		{622D07AA-594D-42AD-BBD1-09F3C2A89E42}.Rsharp_app_release|Any CPU.ActiveCfg = Rsharp_app_release|Any CPU
		{622D07AA-594D-42AD-BBD1-09F3C2A89E42}.Rsharp_app_release|Any CPU.Build.0 = Rsharp_app_release|Any CPU
		{622D07AA-594D-42AD-BBD1-09F3C2A89E42}.Rsharp_app_release|x64.ActiveCfg = Rsharp_app_release|x64
		{622D07AA-594D-42AD-BBD1-09F3C2A89E42}.Rsharp_app_release|x64.Build.0 = Rsharp_app_release|x64
		{622D07AA-594D-42AD-BBD1-09F3C2A89E42}.Rsharp_app_release|x86.ActiveCfg = Rsharp_app_release|Any CPU
		{622D07AA-594D-42AD-BBD1-09F3C2A89E42}.Rsharp_app_release|x86.Build.0 = Rsharp_app_release|Any CPU
		{3A542ADB-47AC-46C6-920D-70B69F275521}.CFD_win32|Any CPU.ActiveCfg = Debug|Any CPU
		{3A542ADB-47AC-46C6-920D-70B69F275521}.CFD_win32|Any CPU.Build.0 = Debug|Any CPU
		{3A542ADB-47AC-46C6-920D-70B69F275521}.CFD_win32|x64.ActiveCfg = Debug|x64
		{3A542ADB-47AC-46C6-920D-70B69F275521}.CFD_win32|x64.Build.0 = Debug|x64
		{3A542ADB-47AC-46C6-920D-70B69F275521}.CFD_win32|x86.ActiveCfg = Debug|Any CPU
		{3A542ADB-47AC-46C6-920D-70B69F275521}.CFD_win32|x86.Build.0 = Debug|Any CPU
		{3A542ADB-47AC-46C6-920D-70B69F275521}.Debug|Any CPU.ActiveCfg = Debug|Any CPU
		{3A542ADB-47AC-46C6-920D-70B69F275521}.Debug|Any CPU.Build.0 = Debug|Any CPU
		{3A542ADB-47AC-46C6-920D-70B69F275521}.Debug|x64.ActiveCfg = Debug|x64
		{3A542ADB-47AC-46C6-920D-70B69F275521}.Debug|x64.Build.0 = Debug|x64
		{3A542ADB-47AC-46C6-920D-70B69F275521}.Debug|x86.ActiveCfg = Debug|Any CPU
		{3A542ADB-47AC-46C6-920D-70B69F275521}.Debug|x86.Build.0 = Debug|Any CPU
		{3A542ADB-47AC-46C6-920D-70B69F275521}.Docker|Any CPU.ActiveCfg = Debug|Any CPU
		{3A542ADB-47AC-46C6-920D-70B69F275521}.Docker|Any CPU.Build.0 = Debug|Any CPU
		{3A542ADB-47AC-46C6-920D-70B69F275521}.Docker|x64.ActiveCfg = Debug|x64
		{3A542ADB-47AC-46C6-920D-70B69F275521}.Docker|x64.Build.0 = Debug|x64
		{3A542ADB-47AC-46C6-920D-70B69F275521}.Docker|x86.ActiveCfg = Debug|Any CPU
		{3A542ADB-47AC-46C6-920D-70B69F275521}.Docker|x86.Build.0 = Debug|Any CPU
		{3A542ADB-47AC-46C6-920D-70B69F275521}.gcmodeller_desktop|Any CPU.ActiveCfg = gcmodeller_desktop|Any CPU
		{3A542ADB-47AC-46C6-920D-70B69F275521}.gcmodeller_desktop|Any CPU.Build.0 = gcmodeller_desktop|Any CPU
		{3A542ADB-47AC-46C6-920D-70B69F275521}.gcmodeller_desktop|x64.ActiveCfg = gcmodeller_desktop|x64
		{3A542ADB-47AC-46C6-920D-70B69F275521}.gcmodeller_desktop|x64.Build.0 = gcmodeller_desktop|x64
		{3A542ADB-47AC-46C6-920D-70B69F275521}.gcmodeller_desktop|x86.ActiveCfg = gcmodeller_desktop|Any CPU
		{3A542ADB-47AC-46C6-920D-70B69F275521}.gcmodeller_desktop|x86.Build.0 = gcmodeller_desktop|Any CPU
		{3A542ADB-47AC-46C6-920D-70B69F275521}.LipidSearch|Any CPU.ActiveCfg = LipidSearch|Any CPU
		{3A542ADB-47AC-46C6-920D-70B69F275521}.LipidSearch|Any CPU.Build.0 = LipidSearch|Any CPU
		{3A542ADB-47AC-46C6-920D-70B69F275521}.LipidSearch|x64.ActiveCfg = LipidSearch|x64
		{3A542ADB-47AC-46C6-920D-70B69F275521}.LipidSearch|x64.Build.0 = LipidSearch|x64
		{3A542ADB-47AC-46C6-920D-70B69F275521}.LipidSearch|x86.ActiveCfg = LipidSearch|Any CPU
		{3A542ADB-47AC-46C6-920D-70B69F275521}.LipidSearch|x86.Build.0 = LipidSearch|Any CPU
		{3A542ADB-47AC-46C6-920D-70B69F275521}.mzkit_win32|Any CPU.ActiveCfg = mzkit_win32|Any CPU
		{3A542ADB-47AC-46C6-920D-70B69F275521}.mzkit_win32|Any CPU.Build.0 = mzkit_win32|Any CPU
		{3A542ADB-47AC-46C6-920D-70B69F275521}.mzkit_win32|x64.ActiveCfg = mzkit_win32|x64
		{3A542ADB-47AC-46C6-920D-70B69F275521}.mzkit_win32|x64.Build.0 = mzkit_win32|x64
		{3A542ADB-47AC-46C6-920D-70B69F275521}.mzkit_win32|x86.ActiveCfg = mzkit_win32|Any CPU
		{3A542ADB-47AC-46C6-920D-70B69F275521}.mzkit_win32|x86.Build.0 = mzkit_win32|Any CPU
		{3A542ADB-47AC-46C6-920D-70B69F275521}.mzkit|Any CPU.ActiveCfg = mzkit_win32|Any CPU
		{3A542ADB-47AC-46C6-920D-70B69F275521}.mzkit|Any CPU.Build.0 = mzkit_win32|Any CPU
		{3A542ADB-47AC-46C6-920D-70B69F275521}.mzkit|x64.ActiveCfg = mzkit_win32|x64
		{3A542ADB-47AC-46C6-920D-70B69F275521}.mzkit|x64.Build.0 = mzkit_win32|x64
		{3A542ADB-47AC-46C6-920D-70B69F275521}.mzkit|x86.ActiveCfg = mzkit_win32|Any CPU
		{3A542ADB-47AC-46C6-920D-70B69F275521}.mzkit|x86.Build.0 = mzkit_win32|Any CPU
		{3A542ADB-47AC-46C6-920D-70B69F275521}.NPSearch|Any CPU.ActiveCfg = nuget_release|Any CPU
		{3A542ADB-47AC-46C6-920D-70B69F275521}.NPSearch|Any CPU.Build.0 = nuget_release|Any CPU
		{3A542ADB-47AC-46C6-920D-70B69F275521}.NPSearch|x64.ActiveCfg = nuget_release|x64
		{3A542ADB-47AC-46C6-920D-70B69F275521}.NPSearch|x64.Build.0 = nuget_release|x64
		{3A542ADB-47AC-46C6-920D-70B69F275521}.NPSearch|x86.ActiveCfg = nuget_release|Any CPU
		{3A542ADB-47AC-46C6-920D-70B69F275521}.NPSearch|x86.Build.0 = nuget_release|Any CPU
		{3A542ADB-47AC-46C6-920D-70B69F275521}.nuget_release|Any CPU.ActiveCfg = nuget_release|Any CPU
		{3A542ADB-47AC-46C6-920D-70B69F275521}.nuget_release|Any CPU.Build.0 = nuget_release|Any CPU
		{3A542ADB-47AC-46C6-920D-70B69F275521}.nuget_release|x64.ActiveCfg = nuget_release|x64
		{3A542ADB-47AC-46C6-920D-70B69F275521}.nuget_release|x64.Build.0 = nuget_release|x64
		{3A542ADB-47AC-46C6-920D-70B69F275521}.nuget_release|x86.ActiveCfg = nuget_release|Any CPU
		{3A542ADB-47AC-46C6-920D-70B69F275521}.nuget_release|x86.Build.0 = nuget_release|Any CPU
		{3A542ADB-47AC-46C6-920D-70B69F275521}.PlantMAT|Any CPU.ActiveCfg = Debug|Any CPU
		{3A542ADB-47AC-46C6-920D-70B69F275521}.PlantMAT|Any CPU.Build.0 = Debug|Any CPU
		{3A542ADB-47AC-46C6-920D-70B69F275521}.PlantMAT|x64.ActiveCfg = Debug|x64
		{3A542ADB-47AC-46C6-920D-70B69F275521}.PlantMAT|x64.Build.0 = Debug|x64
		{3A542ADB-47AC-46C6-920D-70B69F275521}.PlantMAT|x86.ActiveCfg = Debug|Any CPU
		{3A542ADB-47AC-46C6-920D-70B69F275521}.PlantMAT|x86.Build.0 = Debug|Any CPU
		{3A542ADB-47AC-46C6-920D-70B69F275521}.Release|Any CPU.ActiveCfg = Release|Any CPU
		{3A542ADB-47AC-46C6-920D-70B69F275521}.Release|Any CPU.Build.0 = Release|Any CPU
		{3A542ADB-47AC-46C6-920D-70B69F275521}.Release|x64.ActiveCfg = Release|x64
		{3A542ADB-47AC-46C6-920D-70B69F275521}.Release|x64.Build.0 = Release|x64
		{3A542ADB-47AC-46C6-920D-70B69F275521}.Release|x86.ActiveCfg = Release|Any CPU
		{3A542ADB-47AC-46C6-920D-70B69F275521}.Release|x86.Build.0 = Release|Any CPU
		{3A542ADB-47AC-46C6-920D-70B69F275521}.Rsharp_app_release|Any CPU.ActiveCfg = Rsharp_app_release|Any CPU
		{3A542ADB-47AC-46C6-920D-70B69F275521}.Rsharp_app_release|Any CPU.Build.0 = Rsharp_app_release|Any CPU
		{3A542ADB-47AC-46C6-920D-70B69F275521}.Rsharp_app_release|x64.ActiveCfg = Rsharp_app_release|x64
		{3A542ADB-47AC-46C6-920D-70B69F275521}.Rsharp_app_release|x64.Build.0 = Rsharp_app_release|x64
		{3A542ADB-47AC-46C6-920D-70B69F275521}.Rsharp_app_release|x86.ActiveCfg = Rsharp_app_release|Any CPU
		{3A542ADB-47AC-46C6-920D-70B69F275521}.Rsharp_app_release|x86.Build.0 = Rsharp_app_release|Any CPU
		{91BC41DC-BA0C-421E-97C0-F838E7302035}.CFD_win32|Any CPU.ActiveCfg = Debug|Any CPU
		{91BC41DC-BA0C-421E-97C0-F838E7302035}.CFD_win32|Any CPU.Build.0 = Debug|Any CPU
		{91BC41DC-BA0C-421E-97C0-F838E7302035}.CFD_win32|x64.ActiveCfg = Debug|Any CPU
		{91BC41DC-BA0C-421E-97C0-F838E7302035}.CFD_win32|x64.Build.0 = Debug|Any CPU
		{91BC41DC-BA0C-421E-97C0-F838E7302035}.CFD_win32|x86.ActiveCfg = Debug|Any CPU
		{91BC41DC-BA0C-421E-97C0-F838E7302035}.CFD_win32|x86.Build.0 = Debug|Any CPU
		{91BC41DC-BA0C-421E-97C0-F838E7302035}.Debug|Any CPU.ActiveCfg = Debug|Any CPU
		{91BC41DC-BA0C-421E-97C0-F838E7302035}.Debug|Any CPU.Build.0 = Debug|Any CPU
		{91BC41DC-BA0C-421E-97C0-F838E7302035}.Debug|x64.ActiveCfg = Debug|x64
		{91BC41DC-BA0C-421E-97C0-F838E7302035}.Debug|x64.Build.0 = Debug|x64
		{91BC41DC-BA0C-421E-97C0-F838E7302035}.Debug|x86.ActiveCfg = Debug|Any CPU
		{91BC41DC-BA0C-421E-97C0-F838E7302035}.Debug|x86.Build.0 = Debug|Any CPU
		{91BC41DC-BA0C-421E-97C0-F838E7302035}.Docker|Any CPU.ActiveCfg = Debug|Any CPU
		{91BC41DC-BA0C-421E-97C0-F838E7302035}.Docker|Any CPU.Build.0 = Debug|Any CPU
		{91BC41DC-BA0C-421E-97C0-F838E7302035}.Docker|x64.ActiveCfg = Debug|Any CPU
		{91BC41DC-BA0C-421E-97C0-F838E7302035}.Docker|x64.Build.0 = Debug|Any CPU
		{91BC41DC-BA0C-421E-97C0-F838E7302035}.Docker|x86.ActiveCfg = Debug|Any CPU
		{91BC41DC-BA0C-421E-97C0-F838E7302035}.Docker|x86.Build.0 = Debug|Any CPU
		{91BC41DC-BA0C-421E-97C0-F838E7302035}.gcmodeller_desktop|Any CPU.ActiveCfg = Debug|Any CPU
		{91BC41DC-BA0C-421E-97C0-F838E7302035}.gcmodeller_desktop|Any CPU.Build.0 = Debug|Any CPU
		{91BC41DC-BA0C-421E-97C0-F838E7302035}.gcmodeller_desktop|x64.ActiveCfg = Debug|Any CPU
		{91BC41DC-BA0C-421E-97C0-F838E7302035}.gcmodeller_desktop|x64.Build.0 = Debug|Any CPU
		{91BC41DC-BA0C-421E-97C0-F838E7302035}.gcmodeller_desktop|x86.ActiveCfg = Debug|Any CPU
		{91BC41DC-BA0C-421E-97C0-F838E7302035}.gcmodeller_desktop|x86.Build.0 = Debug|Any CPU
		{91BC41DC-BA0C-421E-97C0-F838E7302035}.LipidSearch|Any CPU.ActiveCfg = Debug|Any CPU
		{91BC41DC-BA0C-421E-97C0-F838E7302035}.LipidSearch|Any CPU.Build.0 = Debug|Any CPU
		{91BC41DC-BA0C-421E-97C0-F838E7302035}.LipidSearch|x64.ActiveCfg = Debug|Any CPU
		{91BC41DC-BA0C-421E-97C0-F838E7302035}.LipidSearch|x64.Build.0 = Debug|Any CPU
		{91BC41DC-BA0C-421E-97C0-F838E7302035}.LipidSearch|x86.ActiveCfg = Debug|Any CPU
		{91BC41DC-BA0C-421E-97C0-F838E7302035}.LipidSearch|x86.Build.0 = Debug|Any CPU
		{91BC41DC-BA0C-421E-97C0-F838E7302035}.mzkit_win32|Any CPU.ActiveCfg = Debug|Any CPU
		{91BC41DC-BA0C-421E-97C0-F838E7302035}.mzkit_win32|Any CPU.Build.0 = Debug|Any CPU
		{91BC41DC-BA0C-421E-97C0-F838E7302035}.mzkit_win32|x64.ActiveCfg = Debug|Any CPU
		{91BC41DC-BA0C-421E-97C0-F838E7302035}.mzkit_win32|x64.Build.0 = Debug|Any CPU
		{91BC41DC-BA0C-421E-97C0-F838E7302035}.mzkit_win32|x86.ActiveCfg = Debug|Any CPU
		{91BC41DC-BA0C-421E-97C0-F838E7302035}.mzkit_win32|x86.Build.0 = Debug|Any CPU
		{91BC41DC-BA0C-421E-97C0-F838E7302035}.mzkit|Any CPU.ActiveCfg = Debug|Any CPU
		{91BC41DC-BA0C-421E-97C0-F838E7302035}.mzkit|Any CPU.Build.0 = Debug|Any CPU
		{91BC41DC-BA0C-421E-97C0-F838E7302035}.mzkit|x64.ActiveCfg = Debug|Any CPU
		{91BC41DC-BA0C-421E-97C0-F838E7302035}.mzkit|x64.Build.0 = Debug|Any CPU
		{91BC41DC-BA0C-421E-97C0-F838E7302035}.mzkit|x86.ActiveCfg = Debug|Any CPU
		{91BC41DC-BA0C-421E-97C0-F838E7302035}.mzkit|x86.Build.0 = Debug|Any CPU
		{91BC41DC-BA0C-421E-97C0-F838E7302035}.NPSearch|Any CPU.ActiveCfg = Debug|Any CPU
		{91BC41DC-BA0C-421E-97C0-F838E7302035}.NPSearch|Any CPU.Build.0 = Debug|Any CPU
		{91BC41DC-BA0C-421E-97C0-F838E7302035}.NPSearch|x64.ActiveCfg = Debug|Any CPU
		{91BC41DC-BA0C-421E-97C0-F838E7302035}.NPSearch|x64.Build.0 = Debug|Any CPU
		{91BC41DC-BA0C-421E-97C0-F838E7302035}.NPSearch|x86.ActiveCfg = Debug|Any CPU
		{91BC41DC-BA0C-421E-97C0-F838E7302035}.NPSearch|x86.Build.0 = Debug|Any CPU
		{91BC41DC-BA0C-421E-97C0-F838E7302035}.nuget_release|Any CPU.ActiveCfg = Debug|Any CPU
		{91BC41DC-BA0C-421E-97C0-F838E7302035}.nuget_release|Any CPU.Build.0 = Debug|Any CPU
		{91BC41DC-BA0C-421E-97C0-F838E7302035}.nuget_release|x64.ActiveCfg = Debug|Any CPU
		{91BC41DC-BA0C-421E-97C0-F838E7302035}.nuget_release|x64.Build.0 = Debug|Any CPU
		{91BC41DC-BA0C-421E-97C0-F838E7302035}.nuget_release|x86.ActiveCfg = Debug|Any CPU
		{91BC41DC-BA0C-421E-97C0-F838E7302035}.nuget_release|x86.Build.0 = Debug|Any CPU
		{91BC41DC-BA0C-421E-97C0-F838E7302035}.PlantMAT|Any CPU.ActiveCfg = Debug|Any CPU
		{91BC41DC-BA0C-421E-97C0-F838E7302035}.PlantMAT|Any CPU.Build.0 = Debug|Any CPU
		{91BC41DC-BA0C-421E-97C0-F838E7302035}.PlantMAT|x64.ActiveCfg = Debug|Any CPU
		{91BC41DC-BA0C-421E-97C0-F838E7302035}.PlantMAT|x64.Build.0 = Debug|Any CPU
		{91BC41DC-BA0C-421E-97C0-F838E7302035}.PlantMAT|x86.ActiveCfg = Debug|Any CPU
		{91BC41DC-BA0C-421E-97C0-F838E7302035}.PlantMAT|x86.Build.0 = Debug|Any CPU
		{91BC41DC-BA0C-421E-97C0-F838E7302035}.Release|Any CPU.ActiveCfg = Release|Any CPU
		{91BC41DC-BA0C-421E-97C0-F838E7302035}.Release|Any CPU.Build.0 = Release|Any CPU
		{91BC41DC-BA0C-421E-97C0-F838E7302035}.Release|x64.ActiveCfg = Release|Any CPU
		{91BC41DC-BA0C-421E-97C0-F838E7302035}.Release|x64.Build.0 = Release|Any CPU
		{91BC41DC-BA0C-421E-97C0-F838E7302035}.Release|x86.ActiveCfg = Release|Any CPU
		{91BC41DC-BA0C-421E-97C0-F838E7302035}.Release|x86.Build.0 = Release|Any CPU
		{91BC41DC-BA0C-421E-97C0-F838E7302035}.Rsharp_app_release|Any CPU.ActiveCfg = Release|Any CPU
		{91BC41DC-BA0C-421E-97C0-F838E7302035}.Rsharp_app_release|Any CPU.Build.0 = Release|Any CPU
		{91BC41DC-BA0C-421E-97C0-F838E7302035}.Rsharp_app_release|x64.ActiveCfg = Release|Any CPU
		{91BC41DC-BA0C-421E-97C0-F838E7302035}.Rsharp_app_release|x64.Build.0 = Release|Any CPU
		{91BC41DC-BA0C-421E-97C0-F838E7302035}.Rsharp_app_release|x86.ActiveCfg = Release|Any CPU
		{91BC41DC-BA0C-421E-97C0-F838E7302035}.Rsharp_app_release|x86.Build.0 = Release|Any CPU
	EndGlobalSection
	GlobalSection(SolutionProperties) = preSolution
		HideSolutionNode = FALSE
	EndGlobalSection
	GlobalSection(NestedProjects) = preSolution
		{197DB2E7-D865-4761-8D50-52CFE6096C1A} = {4441D1F4-4435-4D53-800F-71C0A255A9AB}
		{622D07AA-594D-42AD-BBD1-09F3C2A89E42} = {4441D1F4-4435-4D53-800F-71C0A255A9AB}
		{3A542ADB-47AC-46C6-920D-70B69F275521} = {4441D1F4-4435-4D53-800F-71C0A255A9AB}
	EndGlobalSection
	GlobalSection(ExtensibilityGlobals) = postSolution
		SolutionGuid = {A1219EE8-96A4-4D08-8BAE-3215EDF03D00}
	EndGlobalSection
EndGlobal
