
Microsoft Visual Studio Solution File, Format Version 12.00
# Visual Studio Version 17
VisualStudioVersion = 17.3.32728.150
MinimumVisualStudioVersion = 10.0.40219.1
Project("{778DAE3C-4631-46EA-AA77-85C1314464D9}") = "Core", "..\..\..\..\..\runtime\sciBASIC#\Microsoft.VisualBasic.Core\src\Core.vbproj", "{E35A3487-00C9-447C-9D0A-3E4D0CB479EF}"
EndProject
Project("{2150E333-8FDC-42A3-9474-1A3956D46DE8}") = "framework", "framework", "{3D7BDDF1-FEA2-4191-8D8B-2751F2C6ECD7}"
EndProject
Project("{778DAE3C-4631-46EA-AA77-85C1314464D9}") = "d3.js", "d3.js.vbproj", "{F064FB95-5BC7-48B4-A325-BC18B69EC368}"
EndProject
Project("{778DAE3C-4631-46EA-AA77-85C1314464D9}") = "html_netcore5", "..\..\..\..\..\runtime\sciBASIC#\mime\text%html\html_netcore5.vbproj", "{85E12497-23C2-41E3-95DA-CB8AC6A78525}"
EndProject
Project("{778DAE3C-4631-46EA-AA77-85C1314464D9}") = "imaging.NET5", "..\..\..\..\..\runtime\sciBASIC#\gr\Microsoft.VisualBasic.Imaging\imaging.NET5.vbproj", "{AECD03FF-25E8-4C76-86D5-9B8668AF7D21}"
EndProject
Project("{778DAE3C-4631-46EA-AA77-85C1314464D9}") = "network_graph-netcore5", "..\..\..\..\..\runtime\sciBASIC#\gr\network-visualization\Datavisualization.Network\network_graph-netcore5.vbproj", "{C6DF9697-BCF2-4099-9CE0-ABA966087CE3}"
EndProject
Project("{778DAE3C-4631-46EA-AA77-85C1314464D9}") = "network_io-netcore5", "..\..\..\..\..\runtime\sciBASIC#\gr\network-visualization\Network.IO.Extensions\network_io-netcore5.vbproj", "{CAF97FFF-527B-4D40-A82F-CBEE464A107F}"
EndProject
Project("{778DAE3C-4631-46EA-AA77-85C1314464D9}") = "dataframework-netcore5", "..\..\..\..\..\runtime\sciBASIC#\Data\DataFrame\dataframework-netcore5.vbproj", "{5EFED09D-5E92-4867-A18D-BEEEE4058862}"
EndProject
Project("{778DAE3C-4631-46EA-AA77-85C1314464D9}") = "graph-netcore5", "..\..\..\..\..\runtime\sciBASIC#\Data_science\Graph\graph-netcore5.vbproj", "{A19398EC-C32A-4D9B-BC48-82A687C856FF}"
EndProject
Project("{778DAE3C-4631-46EA-AA77-85C1314464D9}") = "Math.NET5", "..\..\..\..\..\runtime\sciBASIC#\Data_science\Mathematica\Math\Math\Math.NET5.vbproj", "{81D79A34-79BD-4F08-B5FC-AC416664D9CE}"
EndProject
Project("{778DAE3C-4631-46EA-AA77-85C1314464D9}") = "physics-netcore5", "..\..\..\..\..\runtime\sciBASIC#\gr\physics\physics-netcore5.vbproj", "{A6F0FFA0-E2BD-49C1-9942-E667FE6CCB5F}"
EndProject
Global
	GlobalSection(SolutionConfigurationPlatforms) = preSolution
		Debug|Any CPU = Debug|Any CPU
		Debug|x64 = Debug|x64
		LipidSearch|Any CPU = LipidSearch|Any CPU
		LipidSearch|x64 = LipidSearch|x64
		mzkit_win32|Any CPU = mzkit_win32|Any CPU
		mzkit_win32|x64 = mzkit_win32|x64
		mzkit|Any CPU = mzkit|Any CPU
		mzkit|x64 = mzkit|x64
		NPSearch|Any CPU = NPSearch|Any CPU
		NPSearch|x64 = NPSearch|x64
		PlantMAT|Any CPU = PlantMAT|Any CPU
		PlantMAT|x64 = PlantMAT|x64
		Release|Any CPU = Release|Any CPU
		Release|x64 = Release|x64
		Rsharp_app_release|Any CPU = Rsharp_app_release|Any CPU
		Rsharp_app_release|x64 = Rsharp_app_release|x64
	EndGlobalSection
	GlobalSection(ProjectConfigurationPlatforms) = postSolution
		{E35A3487-00C9-447C-9D0A-3E4D0CB479EF}.Debug|Any CPU.ActiveCfg = Debug|Any CPU
		{E35A3487-00C9-447C-9D0A-3E4D0CB479EF}.Debug|Any CPU.Build.0 = Debug|Any CPU
		{E35A3487-00C9-447C-9D0A-3E4D0CB479EF}.Debug|x64.ActiveCfg = Debug|x64
		{E35A3487-00C9-447C-9D0A-3E4D0CB479EF}.Debug|x64.Build.0 = Debug|x64
		{E35A3487-00C9-447C-9D0A-3E4D0CB479EF}.LipidSearch|Any CPU.ActiveCfg = LipidSearch|Any CPU
		{E35A3487-00C9-447C-9D0A-3E4D0CB479EF}.LipidSearch|Any CPU.Build.0 = LipidSearch|Any CPU
		{E35A3487-00C9-447C-9D0A-3E4D0CB479EF}.LipidSearch|x64.ActiveCfg = LipidSearch|x64
		{E35A3487-00C9-447C-9D0A-3E4D0CB479EF}.LipidSearch|x64.Build.0 = LipidSearch|x64
		{E35A3487-00C9-447C-9D0A-3E4D0CB479EF}.mzkit_win32|Any CPU.ActiveCfg = mzkit_win32|Any CPU
		{E35A3487-00C9-447C-9D0A-3E4D0CB479EF}.mzkit_win32|Any CPU.Build.0 = mzkit_win32|Any CPU
		{E35A3487-00C9-447C-9D0A-3E4D0CB479EF}.mzkit_win32|x64.ActiveCfg = mzkit_win32|x64
		{E35A3487-00C9-447C-9D0A-3E4D0CB479EF}.mzkit_win32|x64.Build.0 = mzkit_win32|x64
		{E35A3487-00C9-447C-9D0A-3E4D0CB479EF}.mzkit|Any CPU.ActiveCfg = mzkit|Any CPU
		{E35A3487-00C9-447C-9D0A-3E4D0CB479EF}.mzkit|Any CPU.Build.0 = mzkit|Any CPU
		{E35A3487-00C9-447C-9D0A-3E4D0CB479EF}.mzkit|x64.ActiveCfg = mzkit|x64
		{E35A3487-00C9-447C-9D0A-3E4D0CB479EF}.mzkit|x64.Build.0 = mzkit|x64
		{E35A3487-00C9-447C-9D0A-3E4D0CB479EF}.NPSearch|Any CPU.ActiveCfg = NPSearch|Any CPU
		{E35A3487-00C9-447C-9D0A-3E4D0CB479EF}.NPSearch|Any CPU.Build.0 = NPSearch|Any CPU
		{E35A3487-00C9-447C-9D0A-3E4D0CB479EF}.NPSearch|x64.ActiveCfg = NPSearch|x64
		{E35A3487-00C9-447C-9D0A-3E4D0CB479EF}.NPSearch|x64.Build.0 = NPSearch|x64
		{E35A3487-00C9-447C-9D0A-3E4D0CB479EF}.PlantMAT|Any CPU.ActiveCfg = PlantMAT|Any CPU
		{E35A3487-00C9-447C-9D0A-3E4D0CB479EF}.PlantMAT|Any CPU.Build.0 = PlantMAT|Any CPU
		{E35A3487-00C9-447C-9D0A-3E4D0CB479EF}.PlantMAT|x64.ActiveCfg = PlantMAT|x64
		{E35A3487-00C9-447C-9D0A-3E4D0CB479EF}.PlantMAT|x64.Build.0 = PlantMAT|x64
		{E35A3487-00C9-447C-9D0A-3E4D0CB479EF}.Release|Any CPU.ActiveCfg = Release|Any CPU
		{E35A3487-00C9-447C-9D0A-3E4D0CB479EF}.Release|Any CPU.Build.0 = Release|Any CPU
		{E35A3487-00C9-447C-9D0A-3E4D0CB479EF}.Release|x64.ActiveCfg = Release|x64
		{E35A3487-00C9-447C-9D0A-3E4D0CB479EF}.Release|x64.Build.0 = Release|x64
		{E35A3487-00C9-447C-9D0A-3E4D0CB479EF}.Rsharp_app_release|Any CPU.ActiveCfg = Rsharp_app_release|Any CPU
		{E35A3487-00C9-447C-9D0A-3E4D0CB479EF}.Rsharp_app_release|Any CPU.Build.0 = Rsharp_app_release|Any CPU
		{E35A3487-00C9-447C-9D0A-3E4D0CB479EF}.Rsharp_app_release|x64.ActiveCfg = Rsharp_app_release|x64
		{E35A3487-00C9-447C-9D0A-3E4D0CB479EF}.Rsharp_app_release|x64.Build.0 = Rsharp_app_release|x64
		{F064FB95-5BC7-48B4-A325-BC18B69EC368}.Debug|Any CPU.ActiveCfg = Debug|Any CPU
		{F064FB95-5BC7-48B4-A325-BC18B69EC368}.Debug|Any CPU.Build.0 = Debug|Any CPU
		{F064FB95-5BC7-48B4-A325-BC18B69EC368}.Debug|x64.ActiveCfg = Debug|Any CPU
		{F064FB95-5BC7-48B4-A325-BC18B69EC368}.Debug|x64.Build.0 = Debug|Any CPU
		{F064FB95-5BC7-48B4-A325-BC18B69EC368}.LipidSearch|Any CPU.ActiveCfg = Debug|Any CPU
		{F064FB95-5BC7-48B4-A325-BC18B69EC368}.LipidSearch|Any CPU.Build.0 = Debug|Any CPU
		{F064FB95-5BC7-48B4-A325-BC18B69EC368}.LipidSearch|x64.ActiveCfg = Debug|Any CPU
		{F064FB95-5BC7-48B4-A325-BC18B69EC368}.LipidSearch|x64.Build.0 = Debug|Any CPU
		{F064FB95-5BC7-48B4-A325-BC18B69EC368}.mzkit_win32|Any CPU.ActiveCfg = Debug|Any CPU
		{F064FB95-5BC7-48B4-A325-BC18B69EC368}.mzkit_win32|Any CPU.Build.0 = Debug|Any CPU
		{F064FB95-5BC7-48B4-A325-BC18B69EC368}.mzkit_win32|x64.ActiveCfg = Debug|Any CPU
		{F064FB95-5BC7-48B4-A325-BC18B69EC368}.mzkit_win32|x64.Build.0 = Debug|Any CPU
		{F064FB95-5BC7-48B4-A325-BC18B69EC368}.mzkit|Any CPU.ActiveCfg = Debug|Any CPU
		{F064FB95-5BC7-48B4-A325-BC18B69EC368}.mzkit|Any CPU.Build.0 = Debug|Any CPU
		{F064FB95-5BC7-48B4-A325-BC18B69EC368}.mzkit|x64.ActiveCfg = Debug|Any CPU
		{F064FB95-5BC7-48B4-A325-BC18B69EC368}.mzkit|x64.Build.0 = Debug|Any CPU
		{F064FB95-5BC7-48B4-A325-BC18B69EC368}.NPSearch|Any CPU.ActiveCfg = Debug|Any CPU
		{F064FB95-5BC7-48B4-A325-BC18B69EC368}.NPSearch|Any CPU.Build.0 = Debug|Any CPU
		{F064FB95-5BC7-48B4-A325-BC18B69EC368}.NPSearch|x64.ActiveCfg = Debug|Any CPU
		{F064FB95-5BC7-48B4-A325-BC18B69EC368}.NPSearch|x64.Build.0 = Debug|Any CPU
		{F064FB95-5BC7-48B4-A325-BC18B69EC368}.PlantMAT|Any CPU.ActiveCfg = Debug|Any CPU
		{F064FB95-5BC7-48B4-A325-BC18B69EC368}.PlantMAT|Any CPU.Build.0 = Debug|Any CPU
		{F064FB95-5BC7-48B4-A325-BC18B69EC368}.PlantMAT|x64.ActiveCfg = Debug|Any CPU
		{F064FB95-5BC7-48B4-A325-BC18B69EC368}.PlantMAT|x64.Build.0 = Debug|Any CPU
		{F064FB95-5BC7-48B4-A325-BC18B69EC368}.Release|Any CPU.ActiveCfg = Release|Any CPU
		{F064FB95-5BC7-48B4-A325-BC18B69EC368}.Release|Any CPU.Build.0 = Release|Any CPU
		{F064FB95-5BC7-48B4-A325-BC18B69EC368}.Release|x64.ActiveCfg = Release|Any CPU
		{F064FB95-5BC7-48B4-A325-BC18B69EC368}.Release|x64.Build.0 = Release|Any CPU
		{F064FB95-5BC7-48B4-A325-BC18B69EC368}.Rsharp_app_release|Any CPU.ActiveCfg = Release|Any CPU
		{F064FB95-5BC7-48B4-A325-BC18B69EC368}.Rsharp_app_release|Any CPU.Build.0 = Release|Any CPU
		{F064FB95-5BC7-48B4-A325-BC18B69EC368}.Rsharp_app_release|x64.ActiveCfg = Release|Any CPU
		{F064FB95-5BC7-48B4-A325-BC18B69EC368}.Rsharp_app_release|x64.Build.0 = Release|Any CPU
		{85E12497-23C2-41E3-95DA-CB8AC6A78525}.Debug|Any CPU.ActiveCfg = Debug|Any CPU
		{85E12497-23C2-41E3-95DA-CB8AC6A78525}.Debug|Any CPU.Build.0 = Debug|Any CPU
		{85E12497-23C2-41E3-95DA-CB8AC6A78525}.Debug|x64.ActiveCfg = Debug|x64
		{85E12497-23C2-41E3-95DA-CB8AC6A78525}.Debug|x64.Build.0 = Debug|x64
		{85E12497-23C2-41E3-95DA-CB8AC6A78525}.LipidSearch|Any CPU.ActiveCfg = LipidSearch|Any CPU
		{85E12497-23C2-41E3-95DA-CB8AC6A78525}.LipidSearch|Any CPU.Build.0 = LipidSearch|Any CPU
		{85E12497-23C2-41E3-95DA-CB8AC6A78525}.LipidSearch|x64.ActiveCfg = LipidSearch|x64
		{85E12497-23C2-41E3-95DA-CB8AC6A78525}.LipidSearch|x64.Build.0 = LipidSearch|x64
		{85E12497-23C2-41E3-95DA-CB8AC6A78525}.mzkit_win32|Any CPU.ActiveCfg = mzkit_win32|Any CPU
		{85E12497-23C2-41E3-95DA-CB8AC6A78525}.mzkit_win32|Any CPU.Build.0 = mzkit_win32|Any CPU
		{85E12497-23C2-41E3-95DA-CB8AC6A78525}.mzkit_win32|x64.ActiveCfg = mzkit_win32|x64
		{85E12497-23C2-41E3-95DA-CB8AC6A78525}.mzkit_win32|x64.Build.0 = mzkit_win32|x64
		{85E12497-23C2-41E3-95DA-CB8AC6A78525}.mzkit|Any CPU.ActiveCfg = mzkit|Any CPU
		{85E12497-23C2-41E3-95DA-CB8AC6A78525}.mzkit|Any CPU.Build.0 = mzkit|Any CPU
		{85E12497-23C2-41E3-95DA-CB8AC6A78525}.mzkit|x64.ActiveCfg = mzkit|x64
		{85E12497-23C2-41E3-95DA-CB8AC6A78525}.mzkit|x64.Build.0 = mzkit|x64
		{85E12497-23C2-41E3-95DA-CB8AC6A78525}.NPSearch|Any CPU.ActiveCfg = NPSearch|Any CPU
		{85E12497-23C2-41E3-95DA-CB8AC6A78525}.NPSearch|Any CPU.Build.0 = NPSearch|Any CPU
		{85E12497-23C2-41E3-95DA-CB8AC6A78525}.NPSearch|x64.ActiveCfg = NPSearch|x64
		{85E12497-23C2-41E3-95DA-CB8AC6A78525}.NPSearch|x64.Build.0 = NPSearch|x64
		{85E12497-23C2-41E3-95DA-CB8AC6A78525}.PlantMAT|Any CPU.ActiveCfg = Debug|Any CPU
		{85E12497-23C2-41E3-95DA-CB8AC6A78525}.PlantMAT|Any CPU.Build.0 = Debug|Any CPU
		{85E12497-23C2-41E3-95DA-CB8AC6A78525}.PlantMAT|x64.ActiveCfg = Debug|x64
		{85E12497-23C2-41E3-95DA-CB8AC6A78525}.PlantMAT|x64.Build.0 = Debug|x64
		{85E12497-23C2-41E3-95DA-CB8AC6A78525}.Release|Any CPU.ActiveCfg = Release|Any CPU
		{85E12497-23C2-41E3-95DA-CB8AC6A78525}.Release|Any CPU.Build.0 = Release|Any CPU
		{85E12497-23C2-41E3-95DA-CB8AC6A78525}.Release|x64.ActiveCfg = Release|x64
		{85E12497-23C2-41E3-95DA-CB8AC6A78525}.Release|x64.Build.0 = Release|x64
		{85E12497-23C2-41E3-95DA-CB8AC6A78525}.Rsharp_app_release|Any CPU.ActiveCfg = Rsharp_app_release|Any CPU
		{85E12497-23C2-41E3-95DA-CB8AC6A78525}.Rsharp_app_release|Any CPU.Build.0 = Rsharp_app_release|Any CPU
		{85E12497-23C2-41E3-95DA-CB8AC6A78525}.Rsharp_app_release|x64.ActiveCfg = Rsharp_app_release|x64
		{85E12497-23C2-41E3-95DA-CB8AC6A78525}.Rsharp_app_release|x64.Build.0 = Rsharp_app_release|x64
		{AECD03FF-25E8-4C76-86D5-9B8668AF7D21}.Debug|Any CPU.ActiveCfg = Debug|Any CPU
		{AECD03FF-25E8-4C76-86D5-9B8668AF7D21}.Debug|Any CPU.Build.0 = Debug|Any CPU
		{AECD03FF-25E8-4C76-86D5-9B8668AF7D21}.Debug|x64.ActiveCfg = Debug|x64
		{AECD03FF-25E8-4C76-86D5-9B8668AF7D21}.Debug|x64.Build.0 = Debug|x64
		{AECD03FF-25E8-4C76-86D5-9B8668AF7D21}.LipidSearch|Any CPU.ActiveCfg = LipidSearch|Any CPU
		{AECD03FF-25E8-4C76-86D5-9B8668AF7D21}.LipidSearch|Any CPU.Build.0 = LipidSearch|Any CPU
		{AECD03FF-25E8-4C76-86D5-9B8668AF7D21}.LipidSearch|x64.ActiveCfg = LipidSearch|x64
		{AECD03FF-25E8-4C76-86D5-9B8668AF7D21}.LipidSearch|x64.Build.0 = LipidSearch|x64
		{AECD03FF-25E8-4C76-86D5-9B8668AF7D21}.mzkit_win32|Any CPU.ActiveCfg = mzkit_win32|Any CPU
		{AECD03FF-25E8-4C76-86D5-9B8668AF7D21}.mzkit_win32|Any CPU.Build.0 = mzkit_win32|Any CPU
		{AECD03FF-25E8-4C76-86D5-9B8668AF7D21}.mzkit_win32|x64.ActiveCfg = mzkit_win32|x64
		{AECD03FF-25E8-4C76-86D5-9B8668AF7D21}.mzkit_win32|x64.Build.0 = mzkit_win32|x64
		{AECD03FF-25E8-4C76-86D5-9B8668AF7D21}.mzkit|Any CPU.ActiveCfg = mzkit|Any CPU
		{AECD03FF-25E8-4C76-86D5-9B8668AF7D21}.mzkit|Any CPU.Build.0 = mzkit|Any CPU
		{AECD03FF-25E8-4C76-86D5-9B8668AF7D21}.mzkit|x64.ActiveCfg = mzkit|x64
		{AECD03FF-25E8-4C76-86D5-9B8668AF7D21}.mzkit|x64.Build.0 = mzkit|x64
		{AECD03FF-25E8-4C76-86D5-9B8668AF7D21}.NPSearch|Any CPU.ActiveCfg = NPSearch|Any CPU
		{AECD03FF-25E8-4C76-86D5-9B8668AF7D21}.NPSearch|Any CPU.Build.0 = NPSearch|Any CPU
		{AECD03FF-25E8-4C76-86D5-9B8668AF7D21}.NPSearch|x64.ActiveCfg = NPSearch|x64
		{AECD03FF-25E8-4C76-86D5-9B8668AF7D21}.NPSearch|x64.Build.0 = NPSearch|x64
		{AECD03FF-25E8-4C76-86D5-9B8668AF7D21}.PlantMAT|Any CPU.ActiveCfg = Debug|Any CPU
		{AECD03FF-25E8-4C76-86D5-9B8668AF7D21}.PlantMAT|Any CPU.Build.0 = Debug|Any CPU
		{AECD03FF-25E8-4C76-86D5-9B8668AF7D21}.PlantMAT|x64.ActiveCfg = Debug|x64
		{AECD03FF-25E8-4C76-86D5-9B8668AF7D21}.PlantMAT|x64.Build.0 = Debug|x64
		{AECD03FF-25E8-4C76-86D5-9B8668AF7D21}.Release|Any CPU.ActiveCfg = Release|Any CPU
		{AECD03FF-25E8-4C76-86D5-9B8668AF7D21}.Release|Any CPU.Build.0 = Release|Any CPU
		{AECD03FF-25E8-4C76-86D5-9B8668AF7D21}.Release|x64.ActiveCfg = Release|x64
		{AECD03FF-25E8-4C76-86D5-9B8668AF7D21}.Release|x64.Build.0 = Release|x64
		{AECD03FF-25E8-4C76-86D5-9B8668AF7D21}.Rsharp_app_release|Any CPU.ActiveCfg = Rsharp_app_release|Any CPU
		{AECD03FF-25E8-4C76-86D5-9B8668AF7D21}.Rsharp_app_release|Any CPU.Build.0 = Rsharp_app_release|Any CPU
		{AECD03FF-25E8-4C76-86D5-9B8668AF7D21}.Rsharp_app_release|x64.ActiveCfg = Rsharp_app_release|x64
		{AECD03FF-25E8-4C76-86D5-9B8668AF7D21}.Rsharp_app_release|x64.Build.0 = Rsharp_app_release|x64
		{C6DF9697-BCF2-4099-9CE0-ABA966087CE3}.Debug|Any CPU.ActiveCfg = Debug|Any CPU
		{C6DF9697-BCF2-4099-9CE0-ABA966087CE3}.Debug|Any CPU.Build.0 = Debug|Any CPU
		{C6DF9697-BCF2-4099-9CE0-ABA966087CE3}.Debug|x64.ActiveCfg = Debug|x64
		{C6DF9697-BCF2-4099-9CE0-ABA966087CE3}.Debug|x64.Build.0 = Debug|x64
		{C6DF9697-BCF2-4099-9CE0-ABA966087CE3}.LipidSearch|Any CPU.ActiveCfg = LipidSearch|Any CPU
		{C6DF9697-BCF2-4099-9CE0-ABA966087CE3}.LipidSearch|Any CPU.Build.0 = LipidSearch|Any CPU
		{C6DF9697-BCF2-4099-9CE0-ABA966087CE3}.LipidSearch|x64.ActiveCfg = LipidSearch|x64
		{C6DF9697-BCF2-4099-9CE0-ABA966087CE3}.LipidSearch|x64.Build.0 = LipidSearch|x64
		{C6DF9697-BCF2-4099-9CE0-ABA966087CE3}.mzkit_win32|Any CPU.ActiveCfg = mzkit|Any CPU
		{C6DF9697-BCF2-4099-9CE0-ABA966087CE3}.mzkit_win32|Any CPU.Build.0 = mzkit|Any CPU
		{C6DF9697-BCF2-4099-9CE0-ABA966087CE3}.mzkit_win32|x64.ActiveCfg = mzkit|x64
		{C6DF9697-BCF2-4099-9CE0-ABA966087CE3}.mzkit_win32|x64.Build.0 = mzkit|x64
		{C6DF9697-BCF2-4099-9CE0-ABA966087CE3}.mzkit|Any CPU.ActiveCfg = mzkit|Any CPU
		{C6DF9697-BCF2-4099-9CE0-ABA966087CE3}.mzkit|Any CPU.Build.0 = mzkit|Any CPU
		{C6DF9697-BCF2-4099-9CE0-ABA966087CE3}.mzkit|x64.ActiveCfg = mzkit|x64
		{C6DF9697-BCF2-4099-9CE0-ABA966087CE3}.mzkit|x64.Build.0 = mzkit|x64
		{C6DF9697-BCF2-4099-9CE0-ABA966087CE3}.NPSearch|Any CPU.ActiveCfg = NPSearch|Any CPU
		{C6DF9697-BCF2-4099-9CE0-ABA966087CE3}.NPSearch|Any CPU.Build.0 = NPSearch|Any CPU
		{C6DF9697-BCF2-4099-9CE0-ABA966087CE3}.NPSearch|x64.ActiveCfg = NPSearch|x64
		{C6DF9697-BCF2-4099-9CE0-ABA966087CE3}.NPSearch|x64.Build.0 = NPSearch|x64
		{C6DF9697-BCF2-4099-9CE0-ABA966087CE3}.PlantMAT|Any CPU.ActiveCfg = Debug|Any CPU
		{C6DF9697-BCF2-4099-9CE0-ABA966087CE3}.PlantMAT|Any CPU.Build.0 = Debug|Any CPU
		{C6DF9697-BCF2-4099-9CE0-ABA966087CE3}.PlantMAT|x64.ActiveCfg = Debug|x64
		{C6DF9697-BCF2-4099-9CE0-ABA966087CE3}.PlantMAT|x64.Build.0 = Debug|x64
		{C6DF9697-BCF2-4099-9CE0-ABA966087CE3}.Release|Any CPU.ActiveCfg = Release|Any CPU
		{C6DF9697-BCF2-4099-9CE0-ABA966087CE3}.Release|Any CPU.Build.0 = Release|Any CPU
		{C6DF9697-BCF2-4099-9CE0-ABA966087CE3}.Release|x64.ActiveCfg = Release|x64
		{C6DF9697-BCF2-4099-9CE0-ABA966087CE3}.Release|x64.Build.0 = Release|x64
		{C6DF9697-BCF2-4099-9CE0-ABA966087CE3}.Rsharp_app_release|Any CPU.ActiveCfg = Rsharp_app_release|Any CPU
		{C6DF9697-BCF2-4099-9CE0-ABA966087CE3}.Rsharp_app_release|Any CPU.Build.0 = Rsharp_app_release|Any CPU
		{C6DF9697-BCF2-4099-9CE0-ABA966087CE3}.Rsharp_app_release|x64.ActiveCfg = Rsharp_app_release|x64
		{C6DF9697-BCF2-4099-9CE0-ABA966087CE3}.Rsharp_app_release|x64.Build.0 = Rsharp_app_release|x64
		{CAF97FFF-527B-4D40-A82F-CBEE464A107F}.Debug|Any CPU.ActiveCfg = Debug|Any CPU
		{CAF97FFF-527B-4D40-A82F-CBEE464A107F}.Debug|Any CPU.Build.0 = Debug|Any CPU
		{CAF97FFF-527B-4D40-A82F-CBEE464A107F}.Debug|x64.ActiveCfg = Debug|x64
		{CAF97FFF-527B-4D40-A82F-CBEE464A107F}.Debug|x64.Build.0 = Debug|x64
		{CAF97FFF-527B-4D40-A82F-CBEE464A107F}.LipidSearch|Any CPU.ActiveCfg = LipidSearch|Any CPU
		{CAF97FFF-527B-4D40-A82F-CBEE464A107F}.LipidSearch|Any CPU.Build.0 = LipidSearch|Any CPU
		{CAF97FFF-527B-4D40-A82F-CBEE464A107F}.LipidSearch|x64.ActiveCfg = LipidSearch|x64
		{CAF97FFF-527B-4D40-A82F-CBEE464A107F}.LipidSearch|x64.Build.0 = LipidSearch|x64
		{CAF97FFF-527B-4D40-A82F-CBEE464A107F}.mzkit_win32|Any CPU.ActiveCfg = mzkit_win32|Any CPU
		{CAF97FFF-527B-4D40-A82F-CBEE464A107F}.mzkit_win32|Any CPU.Build.0 = mzkit_win32|Any CPU
		{CAF97FFF-527B-4D40-A82F-CBEE464A107F}.mzkit_win32|x64.ActiveCfg = mzkit_win32|x64
		{CAF97FFF-527B-4D40-A82F-CBEE464A107F}.mzkit_win32|x64.Build.0 = mzkit_win32|x64
		{CAF97FFF-527B-4D40-A82F-CBEE464A107F}.mzkit|Any CPU.ActiveCfg = mzkit_win32|Any CPU
		{CAF97FFF-527B-4D40-A82F-CBEE464A107F}.mzkit|Any CPU.Build.0 = mzkit_win32|Any CPU
		{CAF97FFF-527B-4D40-A82F-CBEE464A107F}.mzkit|x64.ActiveCfg = mzkit_win32|x64
		{CAF97FFF-527B-4D40-A82F-CBEE464A107F}.mzkit|x64.Build.0 = mzkit_win32|x64
		{CAF97FFF-527B-4D40-A82F-CBEE464A107F}.NPSearch|Any CPU.ActiveCfg = NPSearch|Any CPU
		{CAF97FFF-527B-4D40-A82F-CBEE464A107F}.NPSearch|Any CPU.Build.0 = NPSearch|Any CPU
		{CAF97FFF-527B-4D40-A82F-CBEE464A107F}.NPSearch|x64.ActiveCfg = NPSearch|x64
		{CAF97FFF-527B-4D40-A82F-CBEE464A107F}.NPSearch|x64.Build.0 = NPSearch|x64
		{CAF97FFF-527B-4D40-A82F-CBEE464A107F}.PlantMAT|Any CPU.ActiveCfg = Debug|Any CPU
		{CAF97FFF-527B-4D40-A82F-CBEE464A107F}.PlantMAT|Any CPU.Build.0 = Debug|Any CPU
		{CAF97FFF-527B-4D40-A82F-CBEE464A107F}.PlantMAT|x64.ActiveCfg = Debug|x64
		{CAF97FFF-527B-4D40-A82F-CBEE464A107F}.PlantMAT|x64.Build.0 = Debug|x64
		{CAF97FFF-527B-4D40-A82F-CBEE464A107F}.Release|Any CPU.ActiveCfg = Release|Any CPU
		{CAF97FFF-527B-4D40-A82F-CBEE464A107F}.Release|Any CPU.Build.0 = Release|Any CPU
		{CAF97FFF-527B-4D40-A82F-CBEE464A107F}.Release|x64.ActiveCfg = Release|x64
		{CAF97FFF-527B-4D40-A82F-CBEE464A107F}.Release|x64.Build.0 = Release|x64
		{CAF97FFF-527B-4D40-A82F-CBEE464A107F}.Rsharp_app_release|Any CPU.ActiveCfg = Rsharp_app_release|Any CPU
		{CAF97FFF-527B-4D40-A82F-CBEE464A107F}.Rsharp_app_release|Any CPU.Build.0 = Rsharp_app_release|Any CPU
		{CAF97FFF-527B-4D40-A82F-CBEE464A107F}.Rsharp_app_release|x64.ActiveCfg = Rsharp_app_release|x64
		{CAF97FFF-527B-4D40-A82F-CBEE464A107F}.Rsharp_app_release|x64.Build.0 = Rsharp_app_release|x64
		{5EFED09D-5E92-4867-A18D-BEEEE4058862}.Debug|Any CPU.ActiveCfg = Debug|Any CPU
		{5EFED09D-5E92-4867-A18D-BEEEE4058862}.Debug|Any CPU.Build.0 = Debug|Any CPU
		{5EFED09D-5E92-4867-A18D-BEEEE4058862}.Debug|x64.ActiveCfg = Debug|x64
		{5EFED09D-5E92-4867-A18D-BEEEE4058862}.Debug|x64.Build.0 = Debug|x64
		{5EFED09D-5E92-4867-A18D-BEEEE4058862}.LipidSearch|Any CPU.ActiveCfg = LipidSearch|Any CPU
		{5EFED09D-5E92-4867-A18D-BEEEE4058862}.LipidSearch|Any CPU.Build.0 = LipidSearch|Any CPU
		{5EFED09D-5E92-4867-A18D-BEEEE4058862}.LipidSearch|x64.ActiveCfg = LipidSearch|x64
		{5EFED09D-5E92-4867-A18D-BEEEE4058862}.LipidSearch|x64.Build.0 = LipidSearch|x64
		{5EFED09D-5E92-4867-A18D-BEEEE4058862}.mzkit_win32|Any CPU.ActiveCfg = mzkit_win32|Any CPU
		{5EFED09D-5E92-4867-A18D-BEEEE4058862}.mzkit_win32|Any CPU.Build.0 = mzkit_win32|Any CPU
		{5EFED09D-5E92-4867-A18D-BEEEE4058862}.mzkit_win32|x64.ActiveCfg = mzkit_win32|x64
		{5EFED09D-5E92-4867-A18D-BEEEE4058862}.mzkit_win32|x64.Build.0 = mzkit_win32|x64
		{5EFED09D-5E92-4867-A18D-BEEEE4058862}.mzkit|Any CPU.ActiveCfg = mzkit|Any CPU
		{5EFED09D-5E92-4867-A18D-BEEEE4058862}.mzkit|Any CPU.Build.0 = mzkit|Any CPU
		{5EFED09D-5E92-4867-A18D-BEEEE4058862}.mzkit|x64.ActiveCfg = mzkit|x64
		{5EFED09D-5E92-4867-A18D-BEEEE4058862}.mzkit|x64.Build.0 = mzkit|x64
		{5EFED09D-5E92-4867-A18D-BEEEE4058862}.NPSearch|Any CPU.ActiveCfg = NPSearch|Any CPU
		{5EFED09D-5E92-4867-A18D-BEEEE4058862}.NPSearch|Any CPU.Build.0 = NPSearch|Any CPU
		{5EFED09D-5E92-4867-A18D-BEEEE4058862}.NPSearch|x64.ActiveCfg = NPSearch|x64
		{5EFED09D-5E92-4867-A18D-BEEEE4058862}.NPSearch|x64.Build.0 = NPSearch|x64
		{5EFED09D-5E92-4867-A18D-BEEEE4058862}.PlantMAT|Any CPU.ActiveCfg = PlantMAT|Any CPU
		{5EFED09D-5E92-4867-A18D-BEEEE4058862}.PlantMAT|Any CPU.Build.0 = PlantMAT|Any CPU
		{5EFED09D-5E92-4867-A18D-BEEEE4058862}.PlantMAT|x64.ActiveCfg = PlantMAT|x64
		{5EFED09D-5E92-4867-A18D-BEEEE4058862}.PlantMAT|x64.Build.0 = PlantMAT|x64
		{5EFED09D-5E92-4867-A18D-BEEEE4058862}.Release|Any CPU.ActiveCfg = Release|Any CPU
		{5EFED09D-5E92-4867-A18D-BEEEE4058862}.Release|Any CPU.Build.0 = Release|Any CPU
		{5EFED09D-5E92-4867-A18D-BEEEE4058862}.Release|x64.ActiveCfg = Release|x64
		{5EFED09D-5E92-4867-A18D-BEEEE4058862}.Release|x64.Build.0 = Release|x64
		{5EFED09D-5E92-4867-A18D-BEEEE4058862}.Rsharp_app_release|Any CPU.ActiveCfg = Rsharp_app_release|Any CPU
		{5EFED09D-5E92-4867-A18D-BEEEE4058862}.Rsharp_app_release|Any CPU.Build.0 = Rsharp_app_release|Any CPU
		{5EFED09D-5E92-4867-A18D-BEEEE4058862}.Rsharp_app_release|x64.ActiveCfg = Rsharp_app_release|x64
		{5EFED09D-5E92-4867-A18D-BEEEE4058862}.Rsharp_app_release|x64.Build.0 = Rsharp_app_release|x64
		{A19398EC-C32A-4D9B-BC48-82A687C856FF}.Debug|Any CPU.ActiveCfg = Debug|Any CPU
		{A19398EC-C32A-4D9B-BC48-82A687C856FF}.Debug|Any CPU.Build.0 = Debug|Any CPU
		{A19398EC-C32A-4D9B-BC48-82A687C856FF}.Debug|x64.ActiveCfg = Debug|x64
		{A19398EC-C32A-4D9B-BC48-82A687C856FF}.Debug|x64.Build.0 = Debug|x64
		{A19398EC-C32A-4D9B-BC48-82A687C856FF}.LipidSearch|Any CPU.ActiveCfg = LipidSearch|Any CPU
		{A19398EC-C32A-4D9B-BC48-82A687C856FF}.LipidSearch|Any CPU.Build.0 = LipidSearch|Any CPU
		{A19398EC-C32A-4D9B-BC48-82A687C856FF}.LipidSearch|x64.ActiveCfg = LipidSearch|x64
		{A19398EC-C32A-4D9B-BC48-82A687C856FF}.LipidSearch|x64.Build.0 = LipidSearch|x64
		{A19398EC-C32A-4D9B-BC48-82A687C856FF}.mzkit_win32|Any CPU.ActiveCfg = mzkit_win32|Any CPU
		{A19398EC-C32A-4D9B-BC48-82A687C856FF}.mzkit_win32|Any CPU.Build.0 = mzkit_win32|Any CPU
		{A19398EC-C32A-4D9B-BC48-82A687C856FF}.mzkit_win32|x64.ActiveCfg = mzkit_win32|x64
		{A19398EC-C32A-4D9B-BC48-82A687C856FF}.mzkit_win32|x64.Build.0 = mzkit_win32|x64
		{A19398EC-C32A-4D9B-BC48-82A687C856FF}.mzkit|Any CPU.ActiveCfg = mzkit|Any CPU
		{A19398EC-C32A-4D9B-BC48-82A687C856FF}.mzkit|Any CPU.Build.0 = mzkit|Any CPU
		{A19398EC-C32A-4D9B-BC48-82A687C856FF}.mzkit|x64.ActiveCfg = mzkit|x64
		{A19398EC-C32A-4D9B-BC48-82A687C856FF}.mzkit|x64.Build.0 = mzkit|x64
		{A19398EC-C32A-4D9B-BC48-82A687C856FF}.NPSearch|Any CPU.ActiveCfg = NPSearch|Any CPU
		{A19398EC-C32A-4D9B-BC48-82A687C856FF}.NPSearch|Any CPU.Build.0 = NPSearch|Any CPU
		{A19398EC-C32A-4D9B-BC48-82A687C856FF}.NPSearch|x64.ActiveCfg = NPSearch|x64
		{A19398EC-C32A-4D9B-BC48-82A687C856FF}.NPSearch|x64.Build.0 = NPSearch|x64
		{A19398EC-C32A-4D9B-BC48-82A687C856FF}.PlantMAT|Any CPU.ActiveCfg = Debug|Any CPU
		{A19398EC-C32A-4D9B-BC48-82A687C856FF}.PlantMAT|Any CPU.Build.0 = Debug|Any CPU
		{A19398EC-C32A-4D9B-BC48-82A687C856FF}.PlantMAT|x64.ActiveCfg = Debug|x64
		{A19398EC-C32A-4D9B-BC48-82A687C856FF}.PlantMAT|x64.Build.0 = Debug|x64
		{A19398EC-C32A-4D9B-BC48-82A687C856FF}.Release|Any CPU.ActiveCfg = Release|Any CPU
		{A19398EC-C32A-4D9B-BC48-82A687C856FF}.Release|Any CPU.Build.0 = Release|Any CPU
		{A19398EC-C32A-4D9B-BC48-82A687C856FF}.Release|x64.ActiveCfg = Release|x64
		{A19398EC-C32A-4D9B-BC48-82A687C856FF}.Release|x64.Build.0 = Release|x64
		{A19398EC-C32A-4D9B-BC48-82A687C856FF}.Rsharp_app_release|Any CPU.ActiveCfg = Rsharp_app_release|Any CPU
		{A19398EC-C32A-4D9B-BC48-82A687C856FF}.Rsharp_app_release|Any CPU.Build.0 = Rsharp_app_release|Any CPU
		{A19398EC-C32A-4D9B-BC48-82A687C856FF}.Rsharp_app_release|x64.ActiveCfg = Rsharp_app_release|x64
		{A19398EC-C32A-4D9B-BC48-82A687C856FF}.Rsharp_app_release|x64.Build.0 = Rsharp_app_release|x64
		{81D79A34-79BD-4F08-B5FC-AC416664D9CE}.Debug|Any CPU.ActiveCfg = Debug|Any CPU
		{81D79A34-79BD-4F08-B5FC-AC416664D9CE}.Debug|Any CPU.Build.0 = Debug|Any CPU
		{81D79A34-79BD-4F08-B5FC-AC416664D9CE}.Debug|x64.ActiveCfg = Debug|x64
		{81D79A34-79BD-4F08-B5FC-AC416664D9CE}.Debug|x64.Build.0 = Debug|x64
		{81D79A34-79BD-4F08-B5FC-AC416664D9CE}.LipidSearch|Any CPU.ActiveCfg = LipidSearch|Any CPU
		{81D79A34-79BD-4F08-B5FC-AC416664D9CE}.LipidSearch|Any CPU.Build.0 = LipidSearch|Any CPU
		{81D79A34-79BD-4F08-B5FC-AC416664D9CE}.LipidSearch|x64.ActiveCfg = LipidSearch|x64
		{81D79A34-79BD-4F08-B5FC-AC416664D9CE}.LipidSearch|x64.Build.0 = LipidSearch|x64
		{81D79A34-79BD-4F08-B5FC-AC416664D9CE}.mzkit_win32|Any CPU.ActiveCfg = mzkit_win32|Any CPU
		{81D79A34-79BD-4F08-B5FC-AC416664D9CE}.mzkit_win32|Any CPU.Build.0 = mzkit_win32|Any CPU
		{81D79A34-79BD-4F08-B5FC-AC416664D9CE}.mzkit_win32|x64.ActiveCfg = mzkit_win32|x64
		{81D79A34-79BD-4F08-B5FC-AC416664D9CE}.mzkit_win32|x64.Build.0 = mzkit_win32|x64
		{81D79A34-79BD-4F08-B5FC-AC416664D9CE}.mzkit|Any CPU.ActiveCfg = mzkit|Any CPU
		{81D79A34-79BD-4F08-B5FC-AC416664D9CE}.mzkit|Any CPU.Build.0 = mzkit|Any CPU
		{81D79A34-79BD-4F08-B5FC-AC416664D9CE}.mzkit|x64.ActiveCfg = mzkit|x64
		{81D79A34-79BD-4F08-B5FC-AC416664D9CE}.mzkit|x64.Build.0 = mzkit|x64
		{81D79A34-79BD-4F08-B5FC-AC416664D9CE}.NPSearch|Any CPU.ActiveCfg = NPSearch|Any CPU
		{81D79A34-79BD-4F08-B5FC-AC416664D9CE}.NPSearch|Any CPU.Build.0 = NPSearch|Any CPU
		{81D79A34-79BD-4F08-B5FC-AC416664D9CE}.NPSearch|x64.ActiveCfg = NPSearch|x64
		{81D79A34-79BD-4F08-B5FC-AC416664D9CE}.NPSearch|x64.Build.0 = NPSearch|x64
		{81D79A34-79BD-4F08-B5FC-AC416664D9CE}.PlantMAT|Any CPU.ActiveCfg = PlantMAT|Any CPU
		{81D79A34-79BD-4F08-B5FC-AC416664D9CE}.PlantMAT|Any CPU.Build.0 = PlantMAT|Any CPU
		{81D79A34-79BD-4F08-B5FC-AC416664D9CE}.PlantMAT|x64.ActiveCfg = PlantMAT|x64
		{81D79A34-79BD-4F08-B5FC-AC416664D9CE}.PlantMAT|x64.Build.0 = PlantMAT|x64
		{81D79A34-79BD-4F08-B5FC-AC416664D9CE}.Release|Any CPU.ActiveCfg = Release|Any CPU
		{81D79A34-79BD-4F08-B5FC-AC416664D9CE}.Release|Any CPU.Build.0 = Release|Any CPU
		{81D79A34-79BD-4F08-B5FC-AC416664D9CE}.Release|x64.ActiveCfg = Release|x64
		{81D79A34-79BD-4F08-B5FC-AC416664D9CE}.Release|x64.Build.0 = Release|x64
		{81D79A34-79BD-4F08-B5FC-AC416664D9CE}.Rsharp_app_release|Any CPU.ActiveCfg = Rsharp_app_release|Any CPU
		{81D79A34-79BD-4F08-B5FC-AC416664D9CE}.Rsharp_app_release|Any CPU.Build.0 = Rsharp_app_release|Any CPU
		{81D79A34-79BD-4F08-B5FC-AC416664D9CE}.Rsharp_app_release|x64.ActiveCfg = Rsharp_app_release|x64
		{81D79A34-79BD-4F08-B5FC-AC416664D9CE}.Rsharp_app_release|x64.Build.0 = Rsharp_app_release|x64
		{A6F0FFA0-E2BD-49C1-9942-E667FE6CCB5F}.Debug|Any CPU.ActiveCfg = Debug|Any CPU
		{A6F0FFA0-E2BD-49C1-9942-E667FE6CCB5F}.Debug|Any CPU.Build.0 = Debug|Any CPU
		{A6F0FFA0-E2BD-49C1-9942-E667FE6CCB5F}.Debug|x64.ActiveCfg = Debug|x64
		{A6F0FFA0-E2BD-49C1-9942-E667FE6CCB5F}.Debug|x64.Build.0 = Debug|x64
		{A6F0FFA0-E2BD-49C1-9942-E667FE6CCB5F}.LipidSearch|Any CPU.ActiveCfg = LipidSearch|Any CPU
		{A6F0FFA0-E2BD-49C1-9942-E667FE6CCB5F}.LipidSearch|Any CPU.Build.0 = LipidSearch|Any CPU
		{A6F0FFA0-E2BD-49C1-9942-E667FE6CCB5F}.LipidSearch|x64.ActiveCfg = LipidSearch|x64
		{A6F0FFA0-E2BD-49C1-9942-E667FE6CCB5F}.LipidSearch|x64.Build.0 = LipidSearch|x64
		{A6F0FFA0-E2BD-49C1-9942-E667FE6CCB5F}.mzkit_win32|Any CPU.ActiveCfg = mzkit|Any CPU
		{A6F0FFA0-E2BD-49C1-9942-E667FE6CCB5F}.mzkit_win32|Any CPU.Build.0 = mzkit|Any CPU
		{A6F0FFA0-E2BD-49C1-9942-E667FE6CCB5F}.mzkit_win32|x64.ActiveCfg = mzkit|x64
		{A6F0FFA0-E2BD-49C1-9942-E667FE6CCB5F}.mzkit_win32|x64.Build.0 = mzkit|x64
		{A6F0FFA0-E2BD-49C1-9942-E667FE6CCB5F}.mzkit|Any CPU.ActiveCfg = mzkit|Any CPU
		{A6F0FFA0-E2BD-49C1-9942-E667FE6CCB5F}.mzkit|Any CPU.Build.0 = mzkit|Any CPU
		{A6F0FFA0-E2BD-49C1-9942-E667FE6CCB5F}.mzkit|x64.ActiveCfg = mzkit|x64
		{A6F0FFA0-E2BD-49C1-9942-E667FE6CCB5F}.mzkit|x64.Build.0 = mzkit|x64
		{A6F0FFA0-E2BD-49C1-9942-E667FE6CCB5F}.NPSearch|Any CPU.ActiveCfg = NPSearch|Any CPU
		{A6F0FFA0-E2BD-49C1-9942-E667FE6CCB5F}.NPSearch|Any CPU.Build.0 = NPSearch|Any CPU
		{A6F0FFA0-E2BD-49C1-9942-E667FE6CCB5F}.NPSearch|x64.ActiveCfg = NPSearch|x64
		{A6F0FFA0-E2BD-49C1-9942-E667FE6CCB5F}.NPSearch|x64.Build.0 = NPSearch|x64
		{A6F0FFA0-E2BD-49C1-9942-E667FE6CCB5F}.PlantMAT|Any CPU.ActiveCfg = Debug|Any CPU
		{A6F0FFA0-E2BD-49C1-9942-E667FE6CCB5F}.PlantMAT|Any CPU.Build.0 = Debug|Any CPU
		{A6F0FFA0-E2BD-49C1-9942-E667FE6CCB5F}.PlantMAT|x64.ActiveCfg = Debug|x64
		{A6F0FFA0-E2BD-49C1-9942-E667FE6CCB5F}.PlantMAT|x64.Build.0 = Debug|x64
		{A6F0FFA0-E2BD-49C1-9942-E667FE6CCB5F}.Release|Any CPU.ActiveCfg = Release|Any CPU
		{A6F0FFA0-E2BD-49C1-9942-E667FE6CCB5F}.Release|Any CPU.Build.0 = Release|Any CPU
		{A6F0FFA0-E2BD-49C1-9942-E667FE6CCB5F}.Release|x64.ActiveCfg = Release|x64
		{A6F0FFA0-E2BD-49C1-9942-E667FE6CCB5F}.Release|x64.Build.0 = Release|x64
		{A6F0FFA0-E2BD-49C1-9942-E667FE6CCB5F}.Rsharp_app_release|Any CPU.ActiveCfg = Rsharp_app_release|Any CPU
		{A6F0FFA0-E2BD-49C1-9942-E667FE6CCB5F}.Rsharp_app_release|Any CPU.Build.0 = Rsharp_app_release|Any CPU
		{A6F0FFA0-E2BD-49C1-9942-E667FE6CCB5F}.Rsharp_app_release|x64.ActiveCfg = Rsharp_app_release|x64
		{A6F0FFA0-E2BD-49C1-9942-E667FE6CCB5F}.Rsharp_app_release|x64.Build.0 = Rsharp_app_release|x64
	EndGlobalSection
	GlobalSection(SolutionProperties) = preSolution
		HideSolutionNode = FALSE
	EndGlobalSection
	GlobalSection(NestedProjects) = preSolution
		{E35A3487-00C9-447C-9D0A-3E4D0CB479EF} = {3D7BDDF1-FEA2-4191-8D8B-2751F2C6ECD7}
		{85E12497-23C2-41E3-95DA-CB8AC6A78525} = {3D7BDDF1-FEA2-4191-8D8B-2751F2C6ECD7}
		{AECD03FF-25E8-4C76-86D5-9B8668AF7D21} = {3D7BDDF1-FEA2-4191-8D8B-2751F2C6ECD7}
		{C6DF9697-BCF2-4099-9CE0-ABA966087CE3} = {3D7BDDF1-FEA2-4191-8D8B-2751F2C6ECD7}
		{CAF97FFF-527B-4D40-A82F-CBEE464A107F} = {3D7BDDF1-FEA2-4191-8D8B-2751F2C6ECD7}
		{5EFED09D-5E92-4867-A18D-BEEEE4058862} = {3D7BDDF1-FEA2-4191-8D8B-2751F2C6ECD7}
		{A19398EC-C32A-4D9B-BC48-82A687C856FF} = {3D7BDDF1-FEA2-4191-8D8B-2751F2C6ECD7}
		{81D79A34-79BD-4F08-B5FC-AC416664D9CE} = {3D7BDDF1-FEA2-4191-8D8B-2751F2C6ECD7}
		{A6F0FFA0-E2BD-49C1-9942-E667FE6CCB5F} = {3D7BDDF1-FEA2-4191-8D8B-2751F2C6ECD7}
	EndGlobalSection
	GlobalSection(ExtensibilityGlobals) = postSolution
		SolutionGuid = {62119B70-43C8-48D1-B721-8768AC4F4618}
	EndGlobalSection
EndGlobal
